{
  "version": 4,
  "terraform_version": "1.5.0",
  "serial": 33,
  "lineage": "264fff7e-90bf-9862-0470-f8c40e1e1caf",
  "outputs": {},
  "resources": [
    {
      "mode": "data",
      "type": "aws_caller_identity",
      "name": "current",
      "provider": "provider[\"registry.terraform.io/hashicorp/aws\"]",
      "instances": [
        {
          "schema_version": 0,
          "attributes": {
            "account_id": "816247855850",
            "arn": "arn:aws:sts::816247855850:assumed-role/AWSReservedSSO_AdministratorAccess_e32122ea09a1e46b/u134859@STRAUMANN.COM",
            "id": "816247855850",
            "user_id": "AROA34DBJ3LVEH3JVP5NX:u134859@STRAUMANN.COM"
          },
          "sensitive_attributes": []
        }
      ]
    },
    {
      "mode": "data",
      "type": "aws_region",
      "name": "current",
      "provider": "provider[\"registry.terraform.io/hashicorp/aws\"]",
      "instances": [
        {
          "schema_version": 0,
          "attributes": {
            "description": "Europe (Ireland)",
            "endpoint": "ec2.eu-west-1.amazonaws.com",
            "id": "eu-west-1",
            "name": "eu-west-1"
          },
          "sensitive_attributes": []
        }
      ]
    },
    {
      "mode": "managed",
      "type": "aws_appflow_flow",
      "name": "SAP_MKTCloud_AWSWEBREGFORM_CDS_Full",
      "provider": "provider[\"registry.terraform.io/hashicorp/aws\"]",
      "instances": [
        {
          "schema_version": 0,
          "attributes": {
            "arn": "arn:aws:appflow:eu-west-1:816247855850:flow/SAP_MKTCloud_AWSWEBREGFORM_CDS_Full",
            "description": "SAP_MKTCloud_AWSWEBREGFORM_CDS_Full",
            "destination_flow_config": [
              {
                "api_version": "",
                "connector_profile_name": "",
                "connector_type": "S3",
                "destination_connector_properties": [
                  {
                    "custom_connector": [],
                    "customer_profiles": [],
                    "event_bridge": [],
                    "honeycode": [],
                    "lookout_metrics": [],
                    "marketo": [],
                    "redshift": [],
                    "s3": [
                      {
                        "bucket_name": "stg-dlk-sbx-ds-7-raw",
                        "bucket_prefix": "",
                        "s3_output_format_config": [
                          {
                            "aggregation_config": [
                              {
                                "aggregation_type": "None",
                                "target_file_size": 0
                              }
                            ],
                            "file_type": "PARQUET",
                            "prefix_config": [
                              {
                                "prefix_format": "DAY",
                                "prefix_type": "PATH"
                              }
                            ],
                            "preserve_source_data_typing": false
                          }
                        ]
                      }
                    ],
                    "salesforce": [],
                    "sapo_data": [],
                    "snowflake": [],
                    "upsolver": [],
                    "zendesk": []
                  }
                ]
              }
            ],
            "flow_status": "Active",
            "id": "arn:aws:appflow:eu-west-1:816247855850:flow/SAP_MKTCloud_AWSWEBREGFORM_CDS_Full",
            "kms_arn": "arn:aws:kms:eu-west-1:816247855850:key/396cd8ff-4b3d-4b17-9df4-9449185fdd2e",
            "name": "SAP_MKTCloud_AWSWEBREGFORM_CDS_Full",
            "source_flow_config": [
              {
                "api_version": "",
                "connector_profile_name": "stg-dlk-sap-odata-marketing-connection",
                "connector_type": "SAPOData",
                "incremental_pull_config": [],
                "source_connector_properties": [
                  {
                    "amplitude": [],
                    "custom_connector": [],
                    "datadog": [],
                    "dynatrace": [],
                    "google_analytics": [],
                    "infor_nexus": [],
                    "marketo": [],
                    "s3": [],
                    "salesforce": [],
                    "sapo_data": [
                      {
                        "object_path": "/sap/opu/odata/sap/YY1_AWSWEBREGFORM_CDS/YY1_AWSWebRegForm"
                      }
                    ],
                    "service_now": [],
                    "singular": [],
                    "slack": [],
                    "trendmicro": [],
                    "veeva": [],
                    "zendesk": []
                  }
                ]
              }
            ],
            "tags": {
              "ManagedBy": "Terraform",
              "Project": "stg-dlk"
            },
            "tags_all": {
              "ManagedBy": "Terraform",
              "Project": "stg-dlk"
            },
            "task": [
              {
                "connector_operator": [
                  {
                    "amplitude": "",
                    "custom_connector": "",
                    "datadog": "",
                    "dynatrace": "",
                    "google_analytics": "",
                    "infor_nexus": "",
                    "marketo": "",
                    "s3": "",
                    "salesforce": "",
                    "sapo_data": "PROJECTION",
                    "service_now": "",
                    "singular": "",
                    "slack": "",
                    "trendmicro": "",
                    "veeva": "",
                    "zendesk": ""
                  }
                ],
                "destination_field": "",
                "source_fields": [
                  "Interaction",
                  "InteractionContactOrigin",
                  "InteractionContactId",
                  "InteractionType",
                  "InteractionStatus",
                  "InteractionTimeStampUTC",
                  "CampaignID",
                  "InteractionSourceObject",
                  "MarketingArea",
                  "ContentPageFormID",
                  "ContentPageFormName",
                  "FullName",
                  "EmailAddress",
                  "PhoneNumber",
                  "InteractionContact"
                ],
                "task_properties": null,
                "task_type": "Filter"
              },
              {
                "connector_operator": [
                  {
                    "amplitude": null,
                    "custom_connector": null,
                    "datadog": null,
                    "dynatrace": null,
                    "google_analytics": null,
                    "infor_nexus": null,
                    "marketo": null,
                    "s3": null,
                    "salesforce": null,
                    "sapo_data": "NO_OP",
                    "service_now": null,
                    "singular": null,
                    "slack": null,
                    "trendmicro": null,
                    "veeva": null,
                    "zendesk": null
                  }
                ],
                "destination_field": "CampaignID",
                "source_fields": [
                  "CampaignID"
                ],
                "task_properties": {
                  "DESTINATION_DATA_TYPE": "string",
                  "SOURCE_DATA_TYPE": "Edm.String"
                },
                "task_type": "Map"
              },
              {
                "connector_operator": [
                  {
                    "amplitude": null,
                    "custom_connector": null,
                    "datadog": null,
                    "dynatrace": null,
                    "google_analytics": null,
                    "infor_nexus": null,
                    "marketo": null,
                    "s3": null,
                    "salesforce": null,
                    "sapo_data": "NO_OP",
                    "service_now": null,
                    "singular": null,
                    "slack": null,
                    "trendmicro": null,
                    "veeva": null,
                    "zendesk": null
                  }
                ],
                "destination_field": "ContentPageFormID",
                "source_fields": [
                  "ContentPageFormID"
                ],
                "task_properties": {
                  "DESTINATION_DATA_TYPE": "string",
                  "SOURCE_DATA_TYPE": "Edm.String"
                },
                "task_type": "Map"
              },
              {
                "connector_operator": [
                  {
                    "amplitude": null,
                    "custom_connector": null,
                    "datadog": null,
                    "dynatrace": null,
                    "google_analytics": null,
                    "infor_nexus": null,
                    "marketo": null,
                    "s3": null,
                    "salesforce": null,
                    "sapo_data": "NO_OP",
                    "service_now": null,
                    "singular": null,
                    "slack": null,
                    "trendmicro": null,
                    "veeva": null,
                    "zendesk": null
                  }
                ],
                "destination_field": "ContentPageFormName",
                "source_fields": [
                  "ContentPageFormName"
                ],
                "task_properties": {
                  "DESTINATION_DATA_TYPE": "string",
                  "SOURCE_DATA_TYPE": "Edm.String"
                },
                "task_type": "Map"
              },
              {
                "connector_operator": [
                  {
                    "amplitude": null,
                    "custom_connector": null,
                    "datadog": null,
                    "dynatrace": null,
                    "google_analytics": null,
                    "infor_nexus": null,
                    "marketo": null,
                    "s3": null,
                    "salesforce": null,
                    "sapo_data": "NO_OP",
                    "service_now": null,
                    "singular": null,
                    "slack": null,
                    "trendmicro": null,
                    "veeva": null,
                    "zendesk": null
                  }
                ],
                "destination_field": "EmailAddress",
                "source_fields": [
                  "EmailAddress"
                ],
                "task_properties": {
                  "DESTINATION_DATA_TYPE": "string",
                  "SOURCE_DATA_TYPE": "Edm.String"
                },
                "task_type": "Map"
              },
              {
                "connector_operator": [
                  {
                    "amplitude": null,
                    "custom_connector": null,
                    "datadog": null,
                    "dynatrace": null,
                    "google_analytics": null,
                    "infor_nexus": null,
                    "marketo": null,
                    "s3": null,
                    "salesforce": null,
                    "sapo_data": "NO_OP",
                    "service_now": null,
                    "singular": null,
                    "slack": null,
                    "trendmicro": null,
                    "veeva": null,
                    "zendesk": null
                  }
                ],
                "destination_field": "FullName",
                "source_fields": [
                  "FullName"
                ],
                "task_properties": {
                  "DESTINATION_DATA_TYPE": "string",
                  "SOURCE_DATA_TYPE": "Edm.String"
                },
                "task_type": "Map"
              },
              {
                "connector_operator": [
                  {
                    "amplitude": null,
                    "custom_connector": null,
                    "datadog": null,
                    "dynatrace": null,
                    "google_analytics": null,
                    "infor_nexus": null,
                    "marketo": null,
                    "s3": null,
                    "salesforce": null,
                    "sapo_data": "NO_OP",
                    "service_now": null,
                    "singular": null,
                    "slack": null,
                    "trendmicro": null,
                    "veeva": null,
                    "zendesk": null
                  }
                ],
                "destination_field": "Interaction",
                "source_fields": [
                  "Interaction"
                ],
                "task_properties": {
                  "DESTINATION_DATA_TYPE": "string",
                  "SOURCE_DATA_TYPE": "Edm.Guid"
                },
                "task_type": "Map"
              },
              {
                "connector_operator": [
                  {
                    "amplitude": null,
                    "custom_connector": null,
                    "datadog": null,
                    "dynatrace": null,
                    "google_analytics": null,
                    "infor_nexus": null,
                    "marketo": null,
                    "s3": null,
                    "salesforce": null,
                    "sapo_data": "NO_OP",
                    "service_now": null,
                    "singular": null,
                    "slack": null,
                    "trendmicro": null,
                    "veeva": null,
                    "zendesk": null
                  }
                ],
                "destination_field": "InteractionContact",
                "source_fields": [
                  "InteractionContact"
                ],
                "task_properties": {
                  "DESTINATION_DATA_TYPE": "string",
                  "SOURCE_DATA_TYPE": "Edm.Guid"
                },
                "task_type": "Map"
              },
              {
                "connector_operator": [
                  {
                    "amplitude": null,
                    "custom_connector": null,
                    "datadog": null,
                    "dynatrace": null,
                    "google_analytics": null,
                    "infor_nexus": null,
                    "marketo": null,
                    "s3": null,
                    "salesforce": null,
                    "sapo_data": "NO_OP",
                    "service_now": null,
                    "singular": null,
                    "slack": null,
                    "trendmicro": null,
                    "veeva": null,
                    "zendesk": null
                  }
                ],
                "destination_field": "InteractionContactId",
                "source_fields": [
                  "InteractionContactId"
                ],
                "task_properties": {
                  "DESTINATION_DATA_TYPE": "string",
                  "SOURCE_DATA_TYPE": "Edm.String"
                },
                "task_type": "Map"
              },
              {
                "connector_operator": [
                  {
                    "amplitude": null,
                    "custom_connector": null,
                    "datadog": null,
                    "dynatrace": null,
                    "google_analytics": null,
                    "infor_nexus": null,
                    "marketo": null,
                    "s3": null,
                    "salesforce": null,
                    "sapo_data": "NO_OP",
                    "service_now": null,
                    "singular": null,
                    "slack": null,
                    "trendmicro": null,
                    "veeva": null,
                    "zendesk": null
                  }
                ],
                "destination_field": "InteractionContactOrigin",
                "source_fields": [
                  "InteractionContactOrigin"
                ],
                "task_properties": {
                  "DESTINATION_DATA_TYPE": "string",
                  "SOURCE_DATA_TYPE": "Edm.String"
                },
                "task_type": "Map"
              },
              {
                "connector_operator": [
                  {
                    "amplitude": null,
                    "custom_connector": null,
                    "datadog": null,
                    "dynatrace": null,
                    "google_analytics": null,
                    "infor_nexus": null,
                    "marketo": null,
                    "s3": null,
                    "salesforce": null,
                    "sapo_data": "NO_OP",
                    "service_now": null,
                    "singular": null,
                    "slack": null,
                    "trendmicro": null,
                    "veeva": null,
                    "zendesk": null
                  }
                ],
                "destination_field": "InteractionSourceObject",
                "source_fields": [
                  "InteractionSourceObject"
                ],
                "task_properties": {
                  "DESTINATION_DATA_TYPE": "string",
                  "SOURCE_DATA_TYPE": "Edm.String"
                },
                "task_type": "Map"
              },
              {
                "connector_operator": [
                  {
                    "amplitude": null,
                    "custom_connector": null,
                    "datadog": null,
                    "dynatrace": null,
                    "google_analytics": null,
                    "infor_nexus": null,
                    "marketo": null,
                    "s3": null,
                    "salesforce": null,
                    "sapo_data": "NO_OP",
                    "service_now": null,
                    "singular": null,
                    "slack": null,
                    "trendmicro": null,
                    "veeva": null,
                    "zendesk": null
                  }
                ],
                "destination_field": "InteractionStatus",
                "source_fields": [
                  "InteractionStatus"
                ],
                "task_properties": {
                  "DESTINATION_DATA_TYPE": "string",
                  "SOURCE_DATA_TYPE": "Edm.String"
                },
                "task_type": "Map"
              },
              {
                "connector_operator": [
                  {
                    "amplitude": null,
                    "custom_connector": null,
                    "datadog": null,
                    "dynatrace": null,
                    "google_analytics": null,
                    "infor_nexus": null,
                    "marketo": null,
                    "s3": null,
                    "salesforce": null,
                    "sapo_data": "NO_OP",
                    "service_now": null,
                    "singular": null,
                    "slack": null,
                    "trendmicro": null,
                    "veeva": null,
                    "zendesk": null
                  }
                ],
                "destination_field": "InteractionTimeStampUTC",
                "source_fields": [
                  "InteractionTimeStampUTC"
                ],
                "task_properties": {
                  "DESTINATION_DATA_TYPE": "timestamp",
                  "SOURCE_DATA_TYPE": "datetime"
                },
                "task_type": "Map"
              },
              {
                "connector_operator": [
                  {
                    "amplitude": null,
                    "custom_connector": null,
                    "datadog": null,
                    "dynatrace": null,
                    "google_analytics": null,
                    "infor_nexus": null,
                    "marketo": null,
                    "s3": null,
                    "salesforce": null,
                    "sapo_data": "NO_OP",
                    "service_now": null,
                    "singular": null,
                    "slack": null,
                    "trendmicro": null,
                    "veeva": null,
                    "zendesk": null
                  }
                ],
                "destination_field": "InteractionType",
                "source_fields": [
                  "InteractionType"
                ],
                "task_properties": {
                  "DESTINATION_DATA_TYPE": "string",
                  "SOURCE_DATA_TYPE": "Edm.String"
                },
                "task_type": "Map"
              },
              {
                "connector_operator": [
                  {
                    "amplitude": null,
                    "custom_connector": null,
                    "datadog": null,
                    "dynatrace": null,
                    "google_analytics": null,
                    "infor_nexus": null,
                    "marketo": null,
                    "s3": null,
                    "salesforce": null,
                    "sapo_data": "NO_OP",
                    "service_now": null,
                    "singular": null,
                    "slack": null,
                    "trendmicro": null,
                    "veeva": null,
                    "zendesk": null
                  }
                ],
                "destination_field": "MarketingArea",
                "source_fields": [
                  "MarketingArea"
                ],
                "task_properties": {
                  "DESTINATION_DATA_TYPE": "string",
                  "SOURCE_DATA_TYPE": "Edm.String"
                },
                "task_type": "Map"
              },
              {
                "connector_operator": [
                  {
                    "amplitude": null,
                    "custom_connector": null,
                    "datadog": null,
                    "dynatrace": null,
                    "google_analytics": null,
                    "infor_nexus": null,
                    "marketo": null,
                    "s3": null,
                    "salesforce": null,
                    "sapo_data": "NO_OP",
                    "service_now": null,
                    "singular": null,
                    "slack": null,
                    "trendmicro": null,
                    "veeva": null,
                    "zendesk": null
                  }
                ],
                "destination_field": "PhoneNumber",
                "source_fields": [
                  "PhoneNumber"
                ],
                "task_properties": {
                  "DESTINATION_DATA_TYPE": "string",
                  "SOURCE_DATA_TYPE": "Edm.String"
                },
                "task_type": "Map"
              }
            ],
            "trigger_config": [
              {
                "trigger_properties": [
                  {
                    "scheduled": []
                  }
                ],
                "trigger_type": "OnDemand"
              }
            ]
          },
          "sensitive_attributes": [],
          "private": "bnVsbA=="
        }
      ]
    }
  ],
  "check_results": null
}
