{
  "version": 4,
  "terraform_version": "1.5.0",
  "serial": 26,
  "lineage": "15dae54d-280e-39f1-ac91-05e5ba1e0485",
  "outputs": {},
  "resources": [
    {
      "mode": "data",
      "type": "aws_caller_identity",
      "name": "current",
      "provider": "provider[\"registry.terraform.io/hashicorp/aws\"]",
      "instances": [
        {
          "schema_version": 0,
          "attributes": {
            "account_id": "816247855850",
            "arn": "arn:aws:sts::816247855850:assumed-role/AWSReservedSSO_AdministratorAccess_e32122ea09a1e46b/u134859@STRAUMANN.COM",
            "id": "816247855850",
            "user_id": "AROA34DBJ3LVEH3JVP5NX:u134859@STRAUMANN.COM"
          },
          "sensitive_attributes": []
        }
      ]
    },
    {
      "mode": "data",
      "type": "aws_region",
      "name": "current",
      "provider": "provider[\"registry.terraform.io/hashicorp/aws\"]",
      "instances": [
        {
          "schema_version": 0,
          "attributes": {
            "description": "Europe (Ireland)",
            "endpoint": "ec2.eu-west-1.amazonaws.com",
            "id": "eu-west-1",
            "name": "eu-west-1"
          },
          "sensitive_attributes": []
        }
      ]
    },
    {
      "mode": "managed",
      "type": "aws_glue_catalog_database",
      "name": "raw_glue_database",
      "provider": "provider[\"registry.terraform.io/hashicorp/aws\"]",
      "instances": [
        {
          "schema_version": 0,
          "attributes": {
            "arn": "arn:aws:glue:eu-west-1:816247855850:database/stg-dlk-sbx-ds9-raw-db",
            "catalog_id": "816247855850",
            "create_table_default_permission": [],
            "description": "Glue catalog db for ds9 raw zone.",
            "federated_database": [],
            "id": "816247855850:stg-dlk-sbx-ds9-raw-db",
            "location_uri": "s3://stg-dlk-sbx-ds-9-raw",
            "name": "stg-dlk-sbx-ds9-raw-db",
            "parameters": {},
            "tags": {},
            "tags_all": {},
            "target_database": []
          },
          "sensitive_attributes": [],
          "private": "bnVsbA=="
        }
      ]
    },
    {
      "mode": "managed",
      "type": "aws_glue_job",
      "name": "raw_glue_job",
      "provider": "provider[\"registry.terraform.io/hashicorp/aws\"]",
      "instances": [
        {
          "schema_version": 0,
          "attributes": {
            "arn": "arn:aws:glue:eu-west-1:816247855850:job/stg-dlk-sbx-ds9-job-source-to-raw",
            "command": [
              {
                "name": "pythonshell",
                "python_version": "3.9",
                "runtime": "",
                "script_location": "s3://stg-dlk-sbx-code-artifacts/artifacts/glue_job_ds9/code/get_audit_table.py"
              }
            ],
            "connections": [],
            "default_arguments": {
              "--TempDir": "s3://stg-dlk-sbx-glue-job-temporary-files/temporary/",
              "--WORKFLOW_NAME": "no_workflow",
              "--WORKFLOW_RUN_ID": "0",
              "--additional-python-modules": "paramiko,jq,tabulate",
              "--enable-glue-datacatalog": "true",
              "--environment": "sbx",
              "--extra-files": "s3://stg-dlk-sbx-code-artifacts/artifacts/glue_job_ds9/code/config.py,s3://stg-dlk-sbx-code-artifacts/artifacts/glue_job_ds9/code/common_functions.py,s3://stg-dlk-sbx-code-artifacts/artifacts/glue_job_ds9/code/gzip_s3_and_json_py3.py",
              "--job-bookmark-option": "job-bookmark-disable",
              "--job-language": "python",
              "library-set": "analytics"
            },
            "description": "Part 1 of SAP CDC. Merge all JSON files and uploads one to the stg-dlk-sbx-ds-9-raw bucket.",
            "execution_class": "",
            "execution_property": [
              {
                "max_concurrent_runs": 1
              }
            ],
            "glue_version": "",
            "id": "stg-dlk-sbx-ds9-job-source-to-raw",
            "max_capacity": 0.0625,
            "max_retries": 0,
            "name": "stg-dlk-sbx-ds9-job-source-to-raw",
            "non_overridable_arguments": {},
            "notification_property": [],
            "number_of_workers": 0,
            "role_arn": "arn:aws:iam::816247855850:role/stg-dlk-sbx-ds9-source-to-raw-glue-job-role",
            "security_configuration": "dlk-glue-sec-config",
            "tags": {
              "Author": "davide.moraschi@toptal.com",
              "Project": "stg-dlk"
            },
            "tags_all": {
              "Author": "davide.moraschi@toptal.com",
              "Project": "stg-dlk"
            },
            "timeout": 15,
            "worker_type": ""
          },
          "sensitive_attributes": [],
          "private": "bnVsbA==",
          "dependencies": [
            "aws_iam_role.raw_job_role"
          ]
        }
      ]
    },
    {
      "mode": "managed",
      "type": "aws_iam_policy",
      "name": "raw_job_role_policy",
      "provider": "provider[\"registry.terraform.io/hashicorp/aws\"]",
      "instances": [
        {
          "schema_version": 0,
          "attributes": {
            "arn": "arn:aws:iam::816247855850:policy/stg-dlk-sbx-ds9-source-to-raw-glue-job-role_policy",
            "description": "",
            "id": "arn:aws:iam::816247855850:policy/stg-dlk-sbx-ds9-source-to-raw-glue-job-role_policy",
            "name": "stg-dlk-sbx-ds9-source-to-raw-glue-job-role_policy",
            "name_prefix": "",
            "path": "/",
            "policy": "{\"Statement\":[{\"Action\":[\"logs:CreateLogGroup\",\"logs:CreateLogStream\",\"logs:PutLogEvents\",\"logs:AssociateKmsKey\"],\"Effect\":\"Allow\",\"Resource\":\"arn:aws:logs:eu-west-1:816247855850:log-group:/aws-glue/*\"},{\"Action\":[\"glue:GetDatabase\",\"glue:GetTable\"],\"Effect\":\"Allow\",\"Resource\":[\"arn:aws:glue:eu-west-1:816247855850:catalog\",\"arn:aws:glue:eu-west-1:816247855850:database/stg-dlk-sbx-ds9-raw-db\",\"arn:aws:glue:eu-west-1:816247855850:table/stg-dlk-sbx-ds9-raw-db/*\",\"arn:aws:glue:eu-west-1:816247855850:database/stg-dlk-sbx-ds9-refined-db\",\"arn:aws:glue:eu-west-1:816247855850:table/stg-dlk-sbx-ds9-refined-db/*\"]},{\"Action\":[\"athena:StartQueryExecution\",\"athena:GetQueryExecution\",\"athena:GetQueryResults\"],\"Effect\":\"Allow\",\"Resource\":\"arn:aws:athena:eu-west-1:816247855850:workgroup/primary\"},{\"Action\":[\"s3:GetBucketLocation\",\"s3:ListBucket\",\"s3:ListAllMyBuckets\",\"s3:GetBucketAcl\",\"s3:GetObject\",\"s3:PutObject\",\"s3:DeleteObject\"],\"Effect\":\"Allow\",\"Resource\":[\"arn:aws:s3:::stg-dlk-sbx-ds-9-raw\",\"arn:aws:s3:::stg-dlk-sbx-ds-9-raw/*\",\"arn:aws:s3:::stg-dlk-sbx-code-artifacts\",\"arn:aws:s3:::stg-dlk-sbx-code-artifacts/*\",\"arn:aws:s3:::stg-dlk-*-athena-query-results\",\"arn:aws:s3:::stg-dlk-*-athena-query-results/*\"]},{\"Action\":[\"kms:Decrypt\",\"kms:GenerateDataKey\"],\"Effect\":\"Allow\",\"Resource\":\"arn:aws:kms:eu-west-1:816247855850:key/396cd8ff-4b3d-4b17-9df4-9449185fdd2e\"},{\"Action\":\"sns:Publish\",\"Effect\":\"Allow\",\"Resource\":\"arn:aws:sns:eu-west-1:816247855850:ds9-failure-topic\"},{\"Action\":[\"lakeformation:GetDataAccess\"],\"Effect\":\"Allow\",\"Resource\":\"*\"},{\"Action\":\"secretsmanager:GetSecretValue\",\"Effect\":\"Allow\",\"Resource\":\"arn:aws:secretsmanager:eu-west-1:816247855850:secret:stg/dlk/sapcdc/ds9/secrets*\"}],\"Version\":\"2012-10-17\"}",
            "policy_id": "ANPA34DBJ3LVDFAUV4QNQ",
            "tags": {},
            "tags_all": {}
          },
          "sensitive_attributes": [],
          "private": "bnVsbA==",
          "dependencies": [
            "aws_s3_bucket.raw_bucket",
            "data.aws_caller_identity.current",
            "data.aws_region.current"
          ]
        }
      ]
    },
    {
      "mode": "managed",
      "type": "aws_iam_role",
      "name": "raw_job_role",
      "provider": "provider[\"registry.terraform.io/hashicorp/aws\"]",
      "instances": [
        {
          "schema_version": 0,
          "attributes": {
            "arn": "arn:aws:iam::816247855850:role/stg-dlk-sbx-ds9-source-to-raw-glue-job-role",
            "assume_role_policy": "{\"Statement\":[{\"Action\":\"sts:AssumeRole\",\"Effect\":\"Allow\",\"Principal\":{\"Service\":\"glue.amazonaws.com\"}}],\"Version\":\"2012-10-17\"}",
            "create_date": "2024-03-21T15:24:48Z",
            "description": "",
            "force_detach_policies": false,
            "id": "stg-dlk-sbx-ds9-source-to-raw-glue-job-role",
            "inline_policy": [],
            "managed_policy_arns": [
              "arn:aws:iam::816247855850:policy/stg-dlk-sbx-ds9-source-to-raw-glue-job-role_policy"
            ],
            "max_session_duration": 3600,
            "name": "stg-dlk-sbx-ds9-source-to-raw-glue-job-role",
            "name_prefix": "",
            "path": "/",
            "permissions_boundary": "",
            "tags": {},
            "tags_all": {},
            "unique_id": "AROA34DBJ3LVG5OZLBTYT"
          },
          "sensitive_attributes": [],
          "private": "bnVsbA=="
        }
      ]
    },
    {
      "mode": "managed",
      "type": "aws_iam_role_policy_attachment",
      "name": "raw_job_role_policy_attachment",
      "provider": "provider[\"registry.terraform.io/hashicorp/aws\"]",
      "instances": [
        {
          "schema_version": 0,
          "attributes": {
            "id": "stg-dlk-sbx-ds9-source-to-raw-glue-job-role-20240321152448849800000001",
            "policy_arn": "arn:aws:iam::816247855850:policy/stg-dlk-sbx-ds9-source-to-raw-glue-job-role_policy",
            "role": "stg-dlk-sbx-ds9-source-to-raw-glue-job-role"
          },
          "sensitive_attributes": [],
          "private": "bnVsbA==",
          "dependencies": [
            "aws_iam_policy.raw_job_role_policy",
            "aws_iam_role.raw_job_role",
            "aws_s3_bucket.raw_bucket",
            "data.aws_caller_identity.current",
            "data.aws_region.current"
          ]
        }
      ]
    },
    {
      "mode": "managed",
      "type": "aws_lakeformation_permissions",
      "name": "raw_database_permissions",
      "provider": "provider[\"registry.terraform.io/hashicorp/aws\"]",
      "instances": [
        {
          "schema_version": 0,
          "attributes": {
            "catalog_id": null,
            "catalog_resource": false,
            "data_cells_filter": [],
            "data_location": [],
            "database": [
              {
                "catalog_id": "816247855850",
                "name": "stg-dlk-sbx-ds9-raw-db"
              }
            ],
            "id": "3818432134",
            "lf_tag": [],
            "lf_tag_policy": [],
            "permissions": [
              "CREATE_TABLE",
              "DESCRIBE"
            ],
            "permissions_with_grant_option": [],
            "principal": "arn:aws:iam::816247855850:role/stg-dlk-sbx-ds9-source-to-raw-glue-job-role",
            "table": [],
            "table_with_columns": []
          },
          "sensitive_attributes": [],
          "private": "bnVsbA==",
          "dependencies": [
            "aws_glue_catalog_database.raw_glue_database",
            "aws_iam_role.raw_job_role"
          ]
        }
      ]
    },
    {
      "mode": "managed",
      "type": "aws_lakeformation_permissions",
      "name": "raw_tables_permissions",
      "provider": "provider[\"registry.terraform.io/hashicorp/aws\"]",
      "instances": [
        {
          "schema_version": 0,
          "attributes": {
            "catalog_id": null,
            "catalog_resource": false,
            "data_cells_filter": [],
            "data_location": [],
            "database": [],
            "id": "3080388328",
            "lf_tag": [],
            "lf_tag_policy": [],
            "permissions": [
              "ALL"
            ],
            "permissions_with_grant_option": [],
            "principal": "arn:aws:iam::816247855850:role/stg-dlk-sbx-ds9-source-to-raw-glue-job-role",
            "table": [
              {
                "catalog_id": "816247855850",
                "database_name": "stg-dlk-sbx-ds9-raw-db",
                "name": "",
                "wildcard": true
              }
            ],
            "table_with_columns": []
          },
          "sensitive_attributes": [],
          "private": "bnVsbA==",
          "dependencies": [
            "aws_glue_catalog_database.raw_glue_database",
            "aws_iam_role.raw_job_role"
          ]
        }
      ]
    },
    {
      "mode": "managed",
      "type": "aws_lakeformation_resource",
      "name": "raw_data_location",
      "provider": "provider[\"registry.terraform.io/hashicorp/aws\"]",
      "instances": [
        {
          "schema_version": 0,
          "attributes": {
            "arn": "arn:aws:s3:::stg-dlk-sbx-ds-9-raw",
            "hybrid_access_enabled": false,
            "id": "arn:aws:s3:::stg-dlk-sbx-ds-9-raw",
            "last_modified": null,
            "role_arn": "arn:aws:iam::816247855850:role/stg-dlk-sbx-ds9-source-to-raw-glue-job-role",
            "use_service_linked_role": null,
            "with_federation": false
          },
          "sensitive_attributes": [],
          "private": "bnVsbA==",
          "dependencies": [
            "aws_iam_role.raw_job_role",
            "aws_s3_bucket.raw_bucket"
          ]
        }
      ]
    },
    {
      "mode": "managed",
      "type": "aws_s3_bucket",
      "name": "raw_bucket",
      "provider": "provider[\"registry.terraform.io/hashicorp/aws\"]",
      "instances": [
        {
          "schema_version": 0,
          "attributes": {
            "acceleration_status": "",
            "acl": null,
            "arn": "arn:aws:s3:::stg-dlk-sbx-ds-9-raw",
            "bucket": "stg-dlk-sbx-ds-9-raw",
            "bucket_domain_name": "stg-dlk-sbx-ds-9-raw.s3.amazonaws.com",
            "bucket_prefix": "",
            "bucket_regional_domain_name": "stg-dlk-sbx-ds-9-raw.s3.eu-west-1.amazonaws.com",
            "cors_rule": [],
            "force_destroy": true,
            "grant": [
              {
                "id": "b628237f580c6c0e0a63c7934fe514e191c19c20c6657375a5664b290d6673ad",
                "permissions": [
                  "FULL_CONTROL"
                ],
                "type": "CanonicalUser",
                "uri": ""
              }
            ],
            "hosted_zone_id": "Z1BKCTXD74EZPE",
            "id": "stg-dlk-sbx-ds-9-raw",
            "lifecycle_rule": [
              {
                "abort_incomplete_multipart_upload_days": 0,
                "enabled": true,
                "expiration": [
                  {
                    "date": "",
                    "days": 3650,
                    "expired_object_delete_marker": false
                  }
                ],
                "id": "expire-after-10-years",
                "noncurrent_version_expiration": [],
                "noncurrent_version_transition": [],
                "prefix": "",
                "tags": {},
                "transition": []
              }
            ],
            "logging": [],
            "object_lock_configuration": [],
            "object_lock_enabled": false,
            "policy": "{\"Statement\":[{\"Action\":\"s3:PutBucketWebsite\",\"Effect\":\"Deny\",\"Principal\":\"*\",\"Resource\":\"arn:aws:s3:::stg-dlk-sbx-ds-9-raw\"},{\"Action\":\"s3:*\",\"Condition\":{\"Bool\":{\"aws:SecureTransport\":\"false\"}},\"Effect\":\"Deny\",\"Principal\":\"*\",\"Resource\":\"arn:aws:s3:::stg-dlk-sbx-ds-9-raw/*\"},{\"Action\":\"s3:GetBucketAcl\",\"Condition\":{},\"Effect\":\"Allow\",\"Principal\":{\"Service\":[\"cloudtrail.amazonaws.com\",\"config.amazonaws.com\"]},\"Resource\":\"arn:aws:s3:::stg-dlk-sbx-ds-9-raw\"},{\"Action\":\"s3:PutObject\",\"Condition\":{\"StringEquals\":{\"s3:x-amz-acl\":\"bucket-owner-full-control\"}},\"Effect\":\"Allow\",\"Principal\":{\"Service\":[\"cloudtrail.amazonaws.com\",\"config.amazonaws.com\"]},\"Resource\":\"arn:aws:s3:::stg-dlk-sbx-ds-9-raw/*\"}],\"Version\":\"2012-10-17\"}",
            "region": "eu-west-1",
            "replication_configuration": [],
            "request_payer": "BucketOwner",
            "server_side_encryption_configuration": [
              {
                "rule": [
                  {
                    "apply_server_side_encryption_by_default": [
                      {
                        "kms_master_key_id": "",
                        "sse_algorithm": "aws:kms"
                      }
                    ],
                    "bucket_key_enabled": true
                  }
                ]
              }
            ],
            "tags": {},
            "tags_all": {},
            "timeouts": null,
            "versioning": [
              {
                "enabled": false,
                "mfa_delete": false
              }
            ],
            "website": [],
            "website_domain": null,
            "website_endpoint": null
          },
          "sensitive_attributes": [],
          "private": "eyJlMmJmYjczMC1lY2FhLTExZTYtOGY4OC0zNDM2M2JjN2M0YzAiOnsiY3JlYXRlIjoxMjAwMDAwMDAwMDAwLCJkZWxldGUiOjM2MDAwMDAwMDAwMDAsInJlYWQiOjEyMDAwMDAwMDAwMDAsInVwZGF0ZSI6MTIwMDAwMDAwMDAwMH19"
        }
      ]
    },
    {
      "mode": "managed",
      "type": "aws_s3_bucket_lifecycle_configuration",
      "name": "raw_bucket_lifecycle",
      "provider": "provider[\"registry.terraform.io/hashicorp/aws\"]",
      "instances": [
        {
          "schema_version": 0,
          "attributes": {
            "bucket": "stg-dlk-sbx-ds-9-raw",
            "expected_bucket_owner": "",
            "id": "stg-dlk-sbx-ds-9-raw",
            "rule": [
              {
                "abort_incomplete_multipart_upload": [],
                "expiration": [
                  {
                    "date": "",
                    "days": 3650,
                    "expired_object_delete_marker": false
                  }
                ],
                "filter": [
                  {
                    "and": [],
                    "object_size_greater_than": "",
                    "object_size_less_than": "",
                    "prefix": "",
                    "tag": []
                  }
                ],
                "id": "expire-after-10-years",
                "noncurrent_version_expiration": [],
                "noncurrent_version_transition": [],
                "prefix": "",
                "status": "Enabled",
                "transition": []
              }
            ],
            "timeouts": null
          },
          "sensitive_attributes": [],
          "private": "eyJlMmJmYjczMC1lY2FhLTExZTYtOGY4OC0zNDM2M2JjN2M0YzAiOnsiY3JlYXRlIjoxODAwMDAwMDAwMDAsInVwZGF0ZSI6MTgwMDAwMDAwMDAwfX0=",
          "dependencies": [
            "aws_s3_bucket.raw_bucket"
          ]
        }
      ]
    },
    {
      "mode": "managed",
      "type": "aws_s3_bucket_policy",
      "name": "raw_bucket_policy",
      "provider": "provider[\"registry.terraform.io/hashicorp/aws\"]",
      "instances": [
        {
          "schema_version": 0,
          "attributes": {
            "bucket": "stg-dlk-sbx-ds-9-raw",
            "id": "stg-dlk-sbx-ds-9-raw",
            "policy": "{\"Statement\":[{\"Action\":\"s3:PutBucketWebsite\",\"Effect\":\"Deny\",\"Principal\":\"*\",\"Resource\":\"arn:aws:s3:::stg-dlk-sbx-ds-9-raw\"},{\"Action\":\"s3:*\",\"Condition\":{\"Bool\":{\"aws:SecureTransport\":\"false\"}},\"Effect\":\"Deny\",\"Principal\":\"*\",\"Resource\":\"arn:aws:s3:::stg-dlk-sbx-ds-9-raw/*\"},{\"Action\":[\"s3:GetBucketAcl\"],\"Condition\":{},\"Effect\":\"Allow\",\"Principal\":{\"Service\":[\"cloudtrail.amazonaws.com\",\"config.amazonaws.com\"]},\"Resource\":[\"arn:aws:s3:::stg-dlk-sbx-ds-9-raw\"]},{\"Action\":[\"s3:PutObject\"],\"Condition\":{\"StringEquals\":{\"s3:x-amz-acl\":\"bucket-owner-full-control\"}},\"Effect\":\"Allow\",\"Principal\":{\"Service\":[\"cloudtrail.amazonaws.com\",\"config.amazonaws.com\"]},\"Resource\":[\"arn:aws:s3:::stg-dlk-sbx-ds-9-raw/*\"]}],\"Version\":\"2012-10-17\"}"
          },
          "sensitive_attributes": [],
          "private": "bnVsbA==",
          "dependencies": [
            "aws_s3_bucket.raw_bucket"
          ]
        }
      ]
    },
    {
      "mode": "managed",
      "type": "aws_s3_bucket_public_access_block",
      "name": "raw_bucket_access_block",
      "provider": "provider[\"registry.terraform.io/hashicorp/aws\"]",
      "instances": [
        {
          "schema_version": 0,
          "attributes": {
            "block_public_acls": true,
            "block_public_policy": true,
            "bucket": "stg-dlk-sbx-ds-9-raw",
            "id": "stg-dlk-sbx-ds-9-raw",
            "ignore_public_acls": true,
            "restrict_public_buckets": true
          },
          "sensitive_attributes": [],
          "private": "bnVsbA==",
          "dependencies": [
            "aws_s3_bucket.raw_bucket"
          ]
        }
      ]
    },
    {
      "mode": "managed",
      "type": "aws_s3_bucket_server_side_encryption_configuration",
      "name": "raw_bucket_encryption",
      "provider": "provider[\"registry.terraform.io/hashicorp/aws\"]",
      "instances": [
        {
          "schema_version": 0,
          "attributes": {
            "bucket": "stg-dlk-sbx-ds-9-raw",
            "expected_bucket_owner": "",
            "id": "stg-dlk-sbx-ds-9-raw",
            "rule": [
              {
                "apply_server_side_encryption_by_default": [
                  {
                    "kms_master_key_id": "",
                    "sse_algorithm": "aws:kms"
                  }
                ],
                "bucket_key_enabled": true
              }
            ]
          },
          "sensitive_attributes": [],
          "private": "bnVsbA==",
          "dependencies": [
            "aws_s3_bucket.raw_bucket"
          ]
        }
      ]
    },
    {
      "mode": "managed",
      "type": "aws_s3_object",
      "name": "glue_job_common_functions",
      "provider": "provider[\"registry.terraform.io/hashicorp/aws\"]",
      "instances": [
        {
          "schema_version": 0,
          "attributes": {
            "acl": null,
            "arn": "arn:aws:s3:::stg-dlk-sbx-code-artifacts/artifacts/glue_job_ds9/code/common_functions.py",
            "bucket": "stg-dlk-sbx-code-artifacts",
            "bucket_key_enabled": true,
            "cache_control": "",
            "checksum_algorithm": null,
            "checksum_crc32": "",
            "checksum_crc32c": "",
            "checksum_sha1": "",
            "checksum_sha256": "",
            "content": null,
            "content_base64": null,
            "content_disposition": "",
            "content_encoding": "",
            "content_language": "",
            "content_type": "application/octet-stream",
            "etag": "f1063c1cc2248e255e04de5026937874",
            "force_destroy": false,
            "id": "artifacts/glue_job_ds9/code/common_functions.py",
            "key": "artifacts/glue_job_ds9/code/common_functions.py",
            "kms_key_id": "arn:aws:kms:eu-west-1:816247855850:key/396cd8ff-4b3d-4b17-9df4-9449185fdd2e",
            "metadata": {},
            "object_lock_legal_hold_status": "",
            "object_lock_mode": "",
            "object_lock_retain_until_date": "",
            "override_provider": [],
            "server_side_encryption": "aws:kms",
            "source": "./artifacts/ds9/glue/code/common_functions.py",
            "source_hash": "610a1afffb218e47882c1b86fc9dca2c",
            "storage_class": "STANDARD",
            "tags": {},
            "tags_all": {},
            "version_id": "OaMKQLTcD7Neegsw7pGe80oK1.K47_p9",
            "website_redirect": ""
          },
          "sensitive_attributes": [],
          "private": "bnVsbA=="
        }
      ]
    },
    {
      "mode": "managed",
      "type": "aws_s3_object",
      "name": "glue_job_config",
      "provider": "provider[\"registry.terraform.io/hashicorp/aws\"]",
      "instances": [
        {
          "schema_version": 0,
          "attributes": {
            "acl": null,
            "arn": "arn:aws:s3:::stg-dlk-sbx-code-artifacts/artifacts/glue_job_ds9/code/config.py",
            "bucket": "stg-dlk-sbx-code-artifacts",
            "bucket_key_enabled": true,
            "cache_control": "",
            "checksum_algorithm": null,
            "checksum_crc32": "",
            "checksum_crc32c": "",
            "checksum_sha1": "",
            "checksum_sha256": "",
            "content": null,
            "content_base64": null,
            "content_disposition": "",
            "content_encoding": "",
            "content_language": "",
            "content_type": "application/octet-stream",
            "etag": "d24d6d3653b11a9fd0d51660e008ddfd",
            "force_destroy": false,
            "id": "artifacts/glue_job_ds9/code/config.py",
            "key": "artifacts/glue_job_ds9/code/config.py",
            "kms_key_id": "arn:aws:kms:eu-west-1:816247855850:key/396cd8ff-4b3d-4b17-9df4-9449185fdd2e",
            "metadata": {},
            "object_lock_legal_hold_status": "",
            "object_lock_mode": "",
            "object_lock_retain_until_date": "",
            "override_provider": [],
            "server_side_encryption": "aws:kms",
            "source": "./artifacts/ds9/glue/code/config.py",
            "source_hash": "bc7ddce5e2773df876fb1c3fcc8cc811",
            "storage_class": "STANDARD",
            "tags": {},
            "tags_all": {},
            "version_id": "bwZ.TbDvz6__iLjZMG0u5k.0_hMXmvM3",
            "website_redirect": ""
          },
          "sensitive_attributes": [],
          "private": "bnVsbA=="
        }
      ]
    },
    {
      "mode": "managed",
      "type": "aws_s3_object",
      "name": "glue_job_gzip_s3_and_json",
      "provider": "provider[\"registry.terraform.io/hashicorp/aws\"]",
      "instances": [
        {
          "schema_version": 0,
          "attributes": {
            "acl": null,
            "arn": "arn:aws:s3:::stg-dlk-sbx-code-artifacts/artifacts/glue_job_ds9/code/gzip_s3_and_json_py3.py",
            "bucket": "stg-dlk-sbx-code-artifacts",
            "bucket_key_enabled": true,
            "cache_control": "",
            "checksum_algorithm": null,
            "checksum_crc32": "",
            "checksum_crc32c": "",
            "checksum_sha1": "",
            "checksum_sha256": "",
            "content": null,
            "content_base64": null,
            "content_disposition": "",
            "content_encoding": "",
            "content_language": "",
            "content_type": "application/octet-stream",
            "etag": "4c6d9aa1eaa2505c923f07949c9310b3",
            "force_destroy": false,
            "id": "artifacts/glue_job_ds9/code/gzip_s3_and_json_py3.py",
            "key": "artifacts/glue_job_ds9/code/gzip_s3_and_json_py3.py",
            "kms_key_id": "arn:aws:kms:eu-west-1:816247855850:key/396cd8ff-4b3d-4b17-9df4-9449185fdd2e",
            "metadata": {},
            "object_lock_legal_hold_status": "",
            "object_lock_mode": "",
            "object_lock_retain_until_date": "",
            "override_provider": [],
            "server_side_encryption": "aws:kms",
            "source": "./artifacts/ds9/glue/code/gzip_s3_and_json_py3.py",
            "source_hash": "17828ed355d177811a00044f23057d0a",
            "storage_class": "STANDARD",
            "tags": {},
            "tags_all": {},
            "version_id": "xhcH2X1JqMCsaz3mKjxCo6m8CirjAr7.",
            "website_redirect": ""
          },
          "sensitive_attributes": [],
          "private": "bnVsbA=="
        }
      ]
    },
    {
      "mode": "managed",
      "type": "aws_s3_object",
      "name": "raw_glue_job_script",
      "provider": "provider[\"registry.terraform.io/hashicorp/aws\"]",
      "instances": [
        {
          "schema_version": 0,
          "attributes": {
            "acl": null,
            "arn": "arn:aws:s3:::stg-dlk-sbx-code-artifacts/artifacts/glue_job_ds9/code/get_audit_table.py",
            "bucket": "stg-dlk-sbx-code-artifacts",
            "bucket_key_enabled": true,
            "cache_control": "",
            "checksum_algorithm": null,
            "checksum_crc32": "",
            "checksum_crc32c": "",
            "checksum_sha1": "",
            "checksum_sha256": "",
            "content": null,
            "content_base64": null,
            "content_disposition": "",
            "content_encoding": "",
            "content_language": "",
            "content_type": "application/octet-stream",
            "etag": "573165fb6dbaadcf3b936ed6d0b2ac00",
            "force_destroy": false,
            "id": "artifacts/glue_job_ds9/code/get_audit_table.py",
            "key": "artifacts/glue_job_ds9/code/get_audit_table.py",
            "kms_key_id": "arn:aws:kms:eu-west-1:816247855850:key/396cd8ff-4b3d-4b17-9df4-9449185fdd2e",
            "metadata": {},
            "object_lock_legal_hold_status": "",
            "object_lock_mode": "",
            "object_lock_retain_until_date": "",
            "override_provider": [],
            "server_side_encryption": "aws:kms",
            "source": "./artifacts/ds9/glue/code/get_audit_table.py",
            "source_hash": "1a051971caff1474f72810a960876cb6",
            "storage_class": "STANDARD",
            "tags": {},
            "tags_all": {},
            "version_id": "YLUr7LLOceQZ7WDpPAEC.x6.48UNU_gC",
            "website_redirect": ""
          },
          "sensitive_attributes": [],
          "private": "bnVsbA=="
        }
      ]
    }
  ],
  "check_results": null
}
