{
  "version": 4,
  "terraform_version": "1.7.3",
  "serial": 531,
  "lineage": "b7f52016-3a28-666a-4645-64995eb71754",
  "outputs": {},
  "resources": [
    {
      "mode": "data",
      "type": "aws_caller_identity",
      "name": "current",
      "provider": "provider[\"registry.terraform.io/hashicorp/aws\"]",
      "instances": [
        {
          "schema_version": 0,
          "attributes": {
            "account_id": "816247855850",
            "arn": "arn:aws:sts::816247855850:assumed-role/AWSReservedSSO_AdministratorAccess_e32122ea09a1e46b/u134859@STRAUMANN.COM",
            "id": "816247855850",
            "user_id": "AROA34DBJ3LVEH3JVP5NX:u134859@STRAUMANN.COM"
          },
          "sensitive_attributes": []
        }
      ]
    },
    {
      "mode": "data",
      "type": "aws_region",
      "name": "current",
      "provider": "provider[\"registry.terraform.io/hashicorp/aws\"]",
      "instances": [
        {
          "schema_version": 0,
          "attributes": {
            "description": "Europe (Ireland)",
            "endpoint": "ec2.eu-west-1.amazonaws.com",
            "id": "eu-west-1",
            "name": "eu-west-1"
          },
          "sensitive_attributes": []
        }
      ]
    },
    {
      "mode": "managed",
      "type": "aws_glue_catalog_database",
      "name": "raw_glue_database",
      "provider": "provider[\"registry.terraform.io/hashicorp/aws\"]",
      "instances": [
        {
          "schema_version": 0,
          "attributes": {
            "arn": "arn:aws:glue:eu-west-1:816247855850:database/stg-dlk-sbx-ds14-raw-db",
            "catalog_id": "816247855850",
            "create_table_default_permission": [],
            "description": "Glue catalog db for ds14 raw zone.",
            "federated_database": [],
            "id": "816247855850:stg-dlk-sbx-ds14-raw-db",
            "location_uri": "s3://stg-dlk-sbx-ds-14-raw",
            "name": "stg-dlk-sbx-ds14-raw-db",
            "parameters": {},
            "tags": {},
            "tags_all": {},
            "target_database": []
          },
          "sensitive_attributes": [],
          "private": "bnVsbA=="
        }
      ]
    },
    {
      "mode": "managed",
      "type": "aws_glue_catalog_table",
      "name": "biomaterial_state_updates_jsonl_gzip",
      "provider": "provider[\"registry.terraform.io/hashicorp/aws\"]",
      "instances": [
        {
          "schema_version": 0,
          "attributes": {
            "arn": "arn:aws:glue:eu-west-1:816247855850:table/stg-dlk-sbx-ds14-raw-db/biomaterial_state_updates_jsonl_gzip",
            "catalog_id": "816247855850",
            "database_name": "stg-dlk-sbx-ds14-raw-db",
            "description": "",
            "id": "816247855850:stg-dlk-sbx-ds14-raw-db:biomaterial_state_updates_jsonl_gzip",
            "name": "biomaterial_state_updates_jsonl_gzip",
            "open_table_format_input": [],
            "owner": "",
            "parameters": {
              "EXTERNAL": "TRUE"
            },
            "partition_index": null,
            "partition_keys": [],
            "retention": 0,
            "storage_descriptor": [
              {
                "bucket_columns": null,
                "columns": [
                  {
                    "comment": "",
                    "name": "contactid",
                    "parameters": null,
                    "type": "string"
                  },
                  {
                    "comment": "",
                    "name": "eventtype",
                    "parameters": null,
                    "type": "string"
                  },
                  {
                    "comment": "",
                    "name": "eventattributes",
                    "parameters": null,
                    "type": "string"
                  }
                ],
                "compressed": false,
                "input_format": "org.apache.hadoop.mapred.TextInputFormat",
                "location": "s3://stg-dlk-sbx-ds-14-raw/events_feed/events_jsonl_gzip/BIOMATERIAL_STATE_UPDATE/",
                "number_of_buckets": 0,
                "output_format": "org.apache.hadoop.hive.ql.io.IgnoreKeyTextOutputFormat",
                "parameters": null,
                "schema_reference": [],
                "ser_de_info": [
                  {
                    "name": "json_serde",
                    "parameters": {
                      "paths": "contactid,eventtype,eventattributes"
                    },
                    "serialization_library": "org.openx.data.jsonserde.JsonSerDe"
                  }
                ],
                "skewed_info": [],
                "sort_columns": [],
                "stored_as_sub_directories": false
              }
            ],
            "table_type": "EXTERNAL_TABLE",
            "target_table": [],
            "view_expanded_text": "",
            "view_original_text": ""
          },
          "sensitive_attributes": [],
          "private": "bnVsbA==",
          "dependencies": [
            "aws_glue_catalog_database.raw_glue_database"
          ]
        }
      ]
    },
    {
      "mode": "managed",
      "type": "aws_glue_catalog_table",
      "name": "page_views_jsonl_gzip",
      "provider": "provider[\"registry.terraform.io/hashicorp/aws\"]",
      "instances": [
        {
          "schema_version": 0,
          "attributes": {
            "arn": "arn:aws:glue:eu-west-1:816247855850:table/stg-dlk-sbx-ds14-raw-db/page_views_jsonl_gzip",
            "catalog_id": "816247855850",
            "database_name": "stg-dlk-sbx-ds14-raw-db",
            "description": "",
            "id": "816247855850:stg-dlk-sbx-ds14-raw-db:page_views_jsonl_gzip",
            "name": "page_views_jsonl_gzip",
            "open_table_format_input": [],
            "owner": "",
            "parameters": {
              "EXTERNAL": "TRUE"
            },
            "partition_index": [],
            "partition_keys": [],
            "retention": 0,
            "storage_descriptor": [
              {
                "bucket_columns": [],
                "columns": [
                  {
                    "comment": "",
                    "name": "contactid",
                    "parameters": {},
                    "type": "string"
                  },
                  {
                    "comment": "",
                    "name": "eventtype",
                    "parameters": {},
                    "type": "string"
                  },
                  {
                    "comment": "",
                    "name": "eventattributes",
                    "parameters": {},
                    "type": "string"
                  }
                ],
                "compressed": false,
                "input_format": "org.apache.hadoop.mapred.TextInputFormat",
                "location": "s3://stg-dlk-sbx-ds-14-raw/events_feed/events_jsonl_gzip/PAGE_VIEW/",
                "number_of_buckets": 0,
                "output_format": "org.apache.hadoop.hive.ql.io.IgnoreKeyTextOutputFormat",
                "parameters": {},
                "schema_reference": [],
                "ser_de_info": [
                  {
                    "name": "json_serde",
                    "parameters": {
                      "paths": "contactid,eventtype,eventattributes"
                    },
                    "serialization_library": "org.openx.data.jsonserde.JsonSerDe"
                  }
                ],
                "skewed_info": [],
                "sort_columns": [],
                "stored_as_sub_directories": false
              }
            ],
            "table_type": "EXTERNAL_TABLE",
            "target_table": [],
            "view_expanded_text": "",
            "view_original_text": ""
          },
          "sensitive_attributes": [],
          "private": "bnVsbA==",
          "dependencies": [
            "aws_glue_catalog_database.raw_glue_database"
          ]
        }
      ]
    },
    {
      "mode": "managed",
      "type": "aws_iam_policy",
      "name": "ext_user_policy",
      "provider": "provider[\"registry.terraform.io/hashicorp/aws\"]",
      "instances": [
        {
          "schema_version": 0,
          "attributes": {
            "arn": "arn:aws:iam::816247855850:policy/ds14_sap_cdp_ext_user_policy",
            "description": "",
            "id": "arn:aws:iam::816247855850:policy/ds14_sap_cdp_ext_user_policy",
            "name": "ds14_sap_cdp_ext_user_policy",
            "name_prefix": "",
            "path": "/",
            "policy": "{\"Statement\":[{\"Action\":[\"s3:PutObject\",\"s3:GetBucketLocation\"],\"Effect\":\"Allow\",\"Resource\":[\"arn:aws:s3:::stg-dlk-sbx-ds-14-raw/*\"],\"Sid\":\"SapCdpUploadJsonFiles\"},{\"Action\":\"s3:ListBucket\",\"Effect\":\"Allow\",\"Resource\":[\"arn:aws:s3:::stg-dlk-sbx-ds-14-raw\"],\"Sid\":\"SapCdpListBucket\"}],\"Version\":\"2012-10-17\"}",
            "policy_id": "ANPA34DBJ3LVDUEU32TQ5",
            "tags": {},
            "tags_all": {}
          },
          "sensitive_attributes": [],
          "private": "bnVsbA==",
          "dependencies": [
            "aws_s3_bucket.raw_bucket"
          ]
        }
      ]
    },
    {
      "mode": "managed",
      "type": "aws_iam_policy",
      "name": "raw_job_role_policy",
      "provider": "provider[\"registry.terraform.io/hashicorp/aws\"]",
      "instances": [
        {
          "schema_version": 0,
          "attributes": {
            "arn": "arn:aws:iam::816247855850:policy/stg-dlk-sbx-ds14-source-to-raw-glue-job-role_policy",
            "description": "",
            "id": "arn:aws:iam::816247855850:policy/stg-dlk-sbx-ds14-source-to-raw-glue-job-role_policy",
            "name": "stg-dlk-sbx-ds14-source-to-raw-glue-job-role_policy",
            "name_prefix": "",
            "path": "/",
            "policy": "{\"Statement\":[{\"Action\":[\"logs:CreateLogGroup\",\"logs:CreateLogStream\",\"logs:PutLogEvents\",\"logs:AssociateKmsKey\"],\"Effect\":\"Allow\",\"Resource\":\"arn:aws:logs:eu-west-1:816247855850:log-group:/aws-glue/*\"},{\"Action\":[\"glue:GetDatabase\",\"glue:GetTable\"],\"Effect\":\"Allow\",\"Resource\":[\"arn:aws:glue:eu-west-1:816247855850:catalog\",\"arn:aws:glue:eu-west-1:816247855850:database/stg-dlk-sbx-ds14-raw-db\",\"arn:aws:glue:eu-west-1:816247855850:table/stg-dlk-sbx-ds14-raw-db/*\"]},{\"Action\":[\"athena:StartQueryExecution\",\"athena:GetQueryExecution\",\"athena:GetQueryResults\"],\"Effect\":\"Allow\",\"Resource\":\"arn:aws:athena:eu-west-1:816247855850:workgroup/primary\"},{\"Action\":[\"s3:GetBucketLocation\",\"s3:ListBucket\",\"s3:ListAllMyBuckets\",\"s3:GetBucketAcl\",\"s3:GetObject\",\"s3:PutObject\",\"s3:DeleteObject\"],\"Effect\":\"Allow\",\"Resource\":[\"arn:aws:s3:::stg-dlk-sbx-ds-14-raw\",\"arn:aws:s3:::stg-dlk-sbx-ds-14-raw/*\",\"arn:aws:s3:::stg-dlk-sbx-code-artifacts\",\"arn:aws:s3:::stg-dlk-sbx-code-artifacts/*\",\"arn:aws:s3:::stg-dlk-*-athena-query-results\",\"arn:aws:s3:::stg-dlk-*-athena-query-results/*\"]},{\"Action\":[\"kms:Decrypt\",\"kms:GenerateDataKey\"],\"Effect\":\"Allow\",\"Resource\":\"arn:aws:kms:eu-west-1:816247855850:key/396cd8ff-4b3d-4b17-9df4-9449185fdd2e\"},{\"Action\":\"sns:Publish\",\"Effect\":\"Allow\",\"Resource\":\"arn:aws:sns:eu-west-1:816247855850:ds14-failure-topic\"}],\"Version\":\"2012-10-17\"}",
            "policy_id": "ANPA34DBJ3LVBNMRV43VM",
            "tags": {},
            "tags_all": {}
          },
          "sensitive_attributes": [],
          "private": "bnVsbA==",
          "dependencies": [
            "aws_s3_bucket.raw_bucket",
            "data.aws_caller_identity.current",
            "data.aws_region.current"
          ]
        }
      ]
    },
    {
      "mode": "managed",
      "type": "aws_iam_role",
      "name": "raw_job_role",
      "provider": "provider[\"registry.terraform.io/hashicorp/aws\"]",
      "instances": [
        {
          "schema_version": 0,
          "attributes": {
            "arn": "arn:aws:iam::816247855850:role/stg-dlk-sbx-ds14-source-to-raw-glue-job-role",
            "assume_role_policy": "{\"Statement\":[{\"Action\":\"sts:AssumeRole\",\"Effect\":\"Allow\",\"Principal\":{\"Service\":\"glue.amazonaws.com\"}}],\"Version\":\"2012-10-17\"}",
            "create_date": "2024-03-07T09:58:07Z",
            "description": "",
            "force_detach_policies": false,
            "id": "stg-dlk-sbx-ds14-source-to-raw-glue-job-role",
            "inline_policy": [],
            "managed_policy_arns": [
              "arn:aws:iam::816247855850:policy/stg-dlk-sbx-ds14-source-to-raw-glue-job-role_policy"
            ],
            "max_session_duration": 3600,
            "name": "stg-dlk-sbx-ds14-source-to-raw-glue-job-role",
            "name_prefix": "",
            "path": "/",
            "permissions_boundary": "",
            "tags": {},
            "tags_all": {},
            "unique_id": "AROA34DBJ3LVCMNOGPNWF"
          },
          "sensitive_attributes": [],
          "private": "bnVsbA=="
        }
      ]
    },
    {
      "mode": "managed",
      "type": "aws_iam_role_policy_attachment",
      "name": "raw_job_role_policy_attachment",
      "provider": "provider[\"registry.terraform.io/hashicorp/aws\"]",
      "instances": [
        {
          "schema_version": 0,
          "attributes": {
            "id": "stg-dlk-sbx-ds14-source-to-raw-glue-job-role-20240307100443729200000001",
            "policy_arn": "arn:aws:iam::816247855850:policy/stg-dlk-sbx-ds14-source-to-raw-glue-job-role_policy",
            "role": "stg-dlk-sbx-ds14-source-to-raw-glue-job-role"
          },
          "sensitive_attributes": [],
          "private": "bnVsbA==",
          "dependencies": [
            "aws_iam_policy.raw_job_role_policy",
            "aws_iam_role.raw_job_role",
            "aws_s3_bucket.raw_bucket",
            "data.aws_caller_identity.current",
            "data.aws_region.current"
          ]
        }
      ]
    },
    {
      "mode": "managed",
      "type": "aws_iam_user",
      "name": "ext_user",
      "provider": "provider[\"registry.terraform.io/hashicorp/aws\"]",
      "instances": [
        {
          "schema_version": 0,
          "attributes": {
            "arn": "arn:aws:iam::816247855850:user/ds14_sap_cdp_ext_user",
            "force_destroy": false,
            "id": "ds14_sap_cdp_ext_user",
            "name": "ds14_sap_cdp_ext_user",
            "path": "/",
            "permissions_boundary": "",
            "tags": {},
            "tags_all": {},
            "unique_id": "AIDA34DBJ3LVCEMRDW6XM"
          },
          "sensitive_attributes": [],
          "private": "bnVsbA=="
        }
      ]
    },
    {
      "mode": "managed",
      "type": "aws_iam_user_policy_attachment",
      "name": "ext_user_policy_attachment",
      "provider": "provider[\"registry.terraform.io/hashicorp/aws\"]",
      "instances": [
        {
          "schema_version": 0,
          "attributes": {
            "id": "ds14_sap_cdp_ext_user-20240307092211755100000001",
            "policy_arn": "arn:aws:iam::816247855850:policy/ds14_sap_cdp_ext_user_policy",
            "user": "ds14_sap_cdp_ext_user"
          },
          "sensitive_attributes": [],
          "private": "bnVsbA==",
          "dependencies": [
            "aws_iam_policy.ext_user_policy",
            "aws_iam_user.ext_user",
            "aws_s3_bucket.raw_bucket"
          ]
        }
      ]
    },
    {
      "mode": "managed",
      "type": "aws_lakeformation_permissions",
      "name": "raw_database_permissions",
      "provider": "provider[\"registry.terraform.io/hashicorp/aws\"]",
      "instances": [
        {
          "schema_version": 0,
          "attributes": {
            "catalog_id": null,
            "catalog_resource": false,
            "data_location": [],
            "database": [
              {
                "catalog_id": "816247855850",
                "name": "stg-dlk-sbx-ds14-raw-db"
              }
            ],
            "id": "1558854246",
            "lf_tag": [],
            "lf_tag_policy": [],
            "permissions": [
              "CREATE_TABLE",
              "DESCRIBE"
            ],
            "permissions_with_grant_option": [],
            "principal": "arn:aws:iam::816247855850:role/stg-dlk-sbx-ds14-source-to-raw-glue-job-role",
            "table": [],
            "table_with_columns": []
          },
          "sensitive_attributes": [],
          "private": "bnVsbA==",
          "dependencies": [
            "aws_glue_catalog_database.raw_glue_database",
            "aws_iam_role.raw_job_role"
          ]
        }
      ]
    },
    {
      "mode": "managed",
      "type": "aws_lakeformation_permissions",
      "name": "raw_tables_permissions",
      "provider": "provider[\"registry.terraform.io/hashicorp/aws\"]",
      "instances": [
        {
          "schema_version": 0,
          "attributes": {
            "catalog_id": null,
            "catalog_resource": false,
            "data_location": [],
            "database": [],
            "id": "1912724718",
            "lf_tag": [],
            "lf_tag_policy": [],
            "permissions": [
              "ALL"
            ],
            "permissions_with_grant_option": [],
            "principal": "arn:aws:iam::816247855850:role/stg-dlk-sbx-ds14-source-to-raw-glue-job-role",
            "table": [
              {
                "catalog_id": "816247855850",
                "database_name": "stg-dlk-sbx-ds14-raw-db",
                "name": "",
                "wildcard": true
              }
            ],
            "table_with_columns": []
          },
          "sensitive_attributes": [],
          "private": "bnVsbA==",
          "dependencies": [
            "aws_glue_catalog_database.raw_glue_database",
            "aws_iam_role.raw_job_role"
          ]
        }
      ]
    },
    {
      "mode": "managed",
      "type": "aws_lakeformation_resource",
      "name": "data_location",
      "provider": "provider[\"registry.terraform.io/hashicorp/aws\"]",
      "instances": [
        {
          "schema_version": 0,
          "attributes": {
            "arn": "arn:aws:s3:::stg-dlk-sbx-ds-14-raw",
            "hybrid_access_enabled": false,
            "id": "arn:aws:s3:::stg-dlk-sbx-ds-14-raw",
            "last_modified": null,
            "role_arn": "arn:aws:iam::816247855850:role/stg-dlk-sbx-ds14-source-to-raw-glue-job-role",
            "use_service_linked_role": null,
            "with_federation": false
          },
          "sensitive_attributes": [],
          "private": "bnVsbA==",
          "dependencies": [
            "aws_iam_role.raw_job_role",
            "aws_s3_bucket.raw_bucket"
          ]
        }
      ]
    },
    {
      "mode": "managed",
      "type": "aws_s3_bucket",
      "name": "raw_bucket",
      "provider": "provider[\"registry.terraform.io/hashicorp/aws\"]",
      "instances": [
        {
          "schema_version": 0,
          "attributes": {
            "acceleration_status": "",
            "acl": null,
            "arn": "arn:aws:s3:::stg-dlk-sbx-ds-14-raw",
            "bucket": "stg-dlk-sbx-ds-14-raw",
            "bucket_domain_name": "stg-dlk-sbx-ds-14-raw.s3.amazonaws.com",
            "bucket_prefix": "",
            "bucket_regional_domain_name": "stg-dlk-sbx-ds-14-raw.s3.eu-west-1.amazonaws.com",
            "cors_rule": [],
            "force_destroy": true,
            "grant": [
              {
                "id": "b628237f580c6c0e0a63c7934fe514e191c19c20c6657375a5664b290d6673ad",
                "permissions": [
                  "FULL_CONTROL"
                ],
                "type": "CanonicalUser",
                "uri": ""
              }
            ],
            "hosted_zone_id": "Z1BKCTXD74EZPE",
            "id": "stg-dlk-sbx-ds-14-raw",
            "lifecycle_rule": [
              {
                "abort_incomplete_multipart_upload_days": 0,
                "enabled": true,
                "expiration": [
                  {
                    "date": "",
                    "days": 365,
                    "expired_object_delete_marker": false
                  }
                ],
                "id": "expire-after-365-days",
                "noncurrent_version_expiration": [],
                "noncurrent_version_transition": [],
                "prefix": "",
                "tags": {},
                "transition": []
              }
            ],
            "logging": [],
            "object_lock_configuration": [],
            "object_lock_enabled": false,
            "policy": "{\"Statement\":[{\"Action\":\"s3:PutBucketWebsite\",\"Effect\":\"Deny\",\"Principal\":\"*\",\"Resource\":\"arn:aws:s3:::stg-dlk-sbx-ds-14-raw\"},{\"Action\":\"s3:*\",\"Condition\":{\"Bool\":{\"aws:SecureTransport\":\"false\"}},\"Effect\":\"Deny\",\"Principal\":\"*\",\"Resource\":\"arn:aws:s3:::stg-dlk-sbx-ds-14-raw/*\"},{\"Action\":\"s3:GetBucketAcl\",\"Condition\":{},\"Effect\":\"Allow\",\"Principal\":{\"Service\":[\"config.amazonaws.com\",\"cloudtrail.amazonaws.com\"]},\"Resource\":\"arn:aws:s3:::stg-dlk-sbx-ds-14-raw\"},{\"Action\":\"s3:PutObject\",\"Condition\":{\"StringEquals\":{\"s3:x-amz-acl\":\"bucket-owner-full-control\"}},\"Effect\":\"Allow\",\"Principal\":{\"Service\":[\"config.amazonaws.com\",\"cloudtrail.amazonaws.com\"]},\"Resource\":\"arn:aws:s3:::stg-dlk-sbx-ds-14-raw/*\"}],\"Version\":\"2012-10-17\"}",
            "region": "eu-west-1",
            "replication_configuration": [],
            "request_payer": "BucketOwner",
            "server_side_encryption_configuration": [
              {
                "rule": [
                  {
                    "apply_server_side_encryption_by_default": [
                      {
                        "kms_master_key_id": "",
                        "sse_algorithm": "aws:kms"
                      }
                    ],
                    "bucket_key_enabled": true
                  }
                ]
              }
            ],
            "tags": {},
            "tags_all": {},
            "timeouts": null,
            "versioning": [
              {
                "enabled": true,
                "mfa_delete": false
              }
            ],
            "website": [],
            "website_domain": null,
            "website_endpoint": null
          },
          "sensitive_attributes": [],
          "private": "eyJlMmJmYjczMC1lY2FhLTExZTYtOGY4OC0zNDM2M2JjN2M0YzAiOnsiY3JlYXRlIjoxMjAwMDAwMDAwMDAwLCJkZWxldGUiOjM2MDAwMDAwMDAwMDAsInJlYWQiOjEyMDAwMDAwMDAwMDAsInVwZGF0ZSI6MTIwMDAwMDAwMDAwMH19"
        }
      ]
    },
    {
      "mode": "managed",
      "type": "aws_s3_bucket_lifecycle_configuration",
      "name": "raw_bucket_lifecycle",
      "provider": "provider[\"registry.terraform.io/hashicorp/aws\"]",
      "instances": [
        {
          "schema_version": 0,
          "attributes": {
            "bucket": "stg-dlk-sbx-ds-14-raw",
            "expected_bucket_owner": "",
            "id": "stg-dlk-sbx-ds-14-raw",
            "rule": [
              {
                "abort_incomplete_multipart_upload": [],
                "expiration": [
                  {
                    "date": "",
                    "days": 365,
                    "expired_object_delete_marker": false
                  }
                ],
                "filter": [
                  {
                    "and": [],
                    "object_size_greater_than": "",
                    "object_size_less_than": "",
                    "prefix": "",
                    "tag": []
                  }
                ],
                "id": "expire-after-365-days",
                "noncurrent_version_expiration": [],
                "noncurrent_version_transition": [],
                "prefix": "",
                "status": "Enabled",
                "transition": []
              }
            ],
            "timeouts": null
          },
          "sensitive_attributes": [],
          "private": "eyJlMmJmYjczMC1lY2FhLTExZTYtOGY4OC0zNDM2M2JjN2M0YzAiOnsiY3JlYXRlIjoxODAwMDAwMDAwMDAsInVwZGF0ZSI6MTgwMDAwMDAwMDAwfX0=",
          "dependencies": [
            "aws_s3_bucket.raw_bucket"
          ]
        }
      ]
    },
    {
      "mode": "managed",
      "type": "aws_s3_bucket_policy",
      "name": "raw_bucket_policy",
      "provider": "provider[\"registry.terraform.io/hashicorp/aws\"]",
      "instances": [
        {
          "schema_version": 0,
          "attributes": {
            "bucket": "stg-dlk-sbx-ds-14-raw",
            "id": "stg-dlk-sbx-ds-14-raw",
            "policy": "{\"Statement\":[{\"Action\":\"s3:PutBucketWebsite\",\"Effect\":\"Deny\",\"Principal\":\"*\",\"Resource\":\"arn:aws:s3:::stg-dlk-sbx-ds-14-raw\"},{\"Action\":\"s3:*\",\"Condition\":{\"Bool\":{\"aws:SecureTransport\":\"false\"}},\"Effect\":\"Deny\",\"Principal\":\"*\",\"Resource\":\"arn:aws:s3:::stg-dlk-sbx-ds-14-raw/*\"},{\"Action\":[\"s3:GetBucketAcl\"],\"Condition\":{},\"Effect\":\"Allow\",\"Principal\":{\"Service\":[\"cloudtrail.amazonaws.com\",\"config.amazonaws.com\"]},\"Resource\":[\"arn:aws:s3:::stg-dlk-sbx-ds-14-raw\"]},{\"Action\":[\"s3:PutObject\"],\"Condition\":{\"StringEquals\":{\"s3:x-amz-acl\":\"bucket-owner-full-control\"}},\"Effect\":\"Allow\",\"Principal\":{\"Service\":[\"cloudtrail.amazonaws.com\",\"config.amazonaws.com\"]},\"Resource\":[\"arn:aws:s3:::stg-dlk-sbx-ds-14-raw/*\"]}],\"Version\":\"2012-10-17\"}"
          },
          "sensitive_attributes": [],
          "private": "bnVsbA==",
          "dependencies": [
            "aws_s3_bucket.raw_bucket"
          ]
        }
      ]
    },
    {
      "mode": "managed",
      "type": "aws_s3_bucket_public_access_block",
      "name": "raw_bucket_access_block",
      "provider": "provider[\"registry.terraform.io/hashicorp/aws\"]",
      "instances": [
        {
          "schema_version": 0,
          "attributes": {
            "block_public_acls": true,
            "block_public_policy": true,
            "bucket": "stg-dlk-sbx-ds-14-raw",
            "id": "stg-dlk-sbx-ds-14-raw",
            "ignore_public_acls": true,
            "restrict_public_buckets": true
          },
          "sensitive_attributes": [],
          "private": "bnVsbA==",
          "dependencies": [
            "aws_s3_bucket.raw_bucket"
          ]
        }
      ]
    },
    {
      "mode": "managed",
      "type": "aws_s3_bucket_server_side_encryption_configuration",
      "name": "raw_bucket_encryption",
      "provider": "provider[\"registry.terraform.io/hashicorp/aws\"]",
      "instances": [
        {
          "schema_version": 0,
          "attributes": {
            "bucket": "stg-dlk-sbx-ds-14-raw",
            "expected_bucket_owner": "",
            "id": "stg-dlk-sbx-ds-14-raw",
            "rule": [
              {
                "apply_server_side_encryption_by_default": [
                  {
                    "kms_master_key_id": "",
                    "sse_algorithm": "aws:kms"
                  }
                ],
                "bucket_key_enabled": true
              }
            ]
          },
          "sensitive_attributes": [],
          "private": "bnVsbA==",
          "dependencies": [
            "aws_s3_bucket.raw_bucket"
          ]
        }
      ]
    },
    {
      "mode": "managed",
      "type": "aws_s3_bucket_versioning",
      "name": "raw_bucket_versioning",
      "provider": "provider[\"registry.terraform.io/hashicorp/aws\"]",
      "instances": [
        {
          "schema_version": 0,
          "attributes": {
            "bucket": "stg-dlk-sbx-ds-14-raw",
            "expected_bucket_owner": "",
            "id": "stg-dlk-sbx-ds-14-raw",
            "mfa": null,
            "versioning_configuration": [
              {
                "mfa_delete": "",
                "status": "Enabled"
              }
            ]
          },
          "sensitive_attributes": [],
          "private": "bnVsbA==",
          "dependencies": [
            "aws_s3_bucket.raw_bucket"
          ]
        }
      ]
    }
  ],
  "check_results": null
}
