{
  "version": 4,
  "terraform_version": "1.7.3",
  "serial": 346,
  "lineage": "b7f52016-3a28-666a-4645-64995eb71754",
  "outputs": {},
  "resources": [
    {
      "mode": "data",
      "type": "aws_caller_identity",
      "name": "current",
      "provider": "provider[\"registry.terraform.io/hashicorp/aws\"]",
      "instances": [
        {
          "schema_version": 0,
          "attributes": {
            "account_id": "816247855850",
            "arn": "arn:aws:sts::816247855850:assumed-role/AWSReservedSSO_AdministratorAccess_e32122ea09a1e46b/u134859@STRAUMANN.COM",
            "id": "816247855850",
            "user_id": "AROA34DBJ3LVEH3JVP5NX:u134859@STRAUMANN.COM"
          },
          "sensitive_attributes": []
        }
      ]
    },
    {
      "mode": "data",
      "type": "aws_region",
      "name": "current",
      "provider": "provider[\"registry.terraform.io/hashicorp/aws\"]",
      "instances": [
        {
          "schema_version": 0,
          "attributes": {
            "description": "Europe (Ireland)",
            "endpoint": "ec2.eu-west-1.amazonaws.com",
            "id": "eu-west-1",
            "name": "eu-west-1"
          },
          "sensitive_attributes": []
        }
      ]
    },
    {
      "mode": "managed",
      "type": "aws_glue_catalog_database",
      "name": "glue_database",
      "provider": "provider[\"registry.terraform.io/hashicorp/aws\"]",
      "instances": [
        {
          "schema_version": 0,
          "attributes": {
            "arn": "arn:aws:glue:eu-west-1:816247855850:database/stg-dlk-sbx-ds11-raw-db",
            "catalog_id": "816247855850",
            "create_table_default_permission": [],
            "description": "Glue catalog db for ds11 raw zone.",
            "federated_database": [],
            "id": "816247855850:stg-dlk-sbx-ds11-raw-db",
            "location_uri": "s3://stg-dlk-sbx-ds-11-raw",
            "name": "stg-dlk-sbx-ds11-raw-db",
            "parameters": {},
            "tags": {},
            "tags_all": {},
            "target_database": []
          },
          "sensitive_attributes": [],
          "private": "bnVsbA=="
        }
      ]
    },
    {
      "mode": "managed",
      "type": "aws_glue_catalog_table",
      "name": "events_jsonl_gzip",
      "provider": "provider[\"registry.terraform.io/hashicorp/aws\"]",
      "instances": [
        {
          "schema_version": 0,
          "attributes": {
            "arn": "arn:aws:glue:eu-west-1:816247855850:table/stg-dlk-sbx-ds11-raw-db/events_jsonl_gzip",
            "catalog_id": "816247855850",
            "database_name": "stg-dlk-sbx-ds11-raw-db",
            "description": "",
            "id": "816247855850:stg-dlk-sbx-ds11-raw-db:events_jsonl_gzip",
            "name": "events_jsonl_gzip",
            "open_table_format_input": [],
            "owner": "",
            "parameters": {
              "EXTERNAL": "TRUE"
            },
            "partition_index": [],
            "partition_keys": [],
            "retention": 0,
            "storage_descriptor": [
              {
                "bucket_columns": [],
                "columns": [
                  {
                    "comment": "",
                    "name": "crmid",
                    "parameters": {},
                    "type": "string"
                  },
                  {
                    "comment": "",
                    "name": "firstname",
                    "parameters": {},
                    "type": "string"
                  },
                  {
                    "comment": "",
                    "name": "lastname",
                    "parameters": {},
                    "type": "string"
                  },
                  {
                    "comment": "",
                    "name": "profession",
                    "parameters": {},
                    "type": "string"
                  },
                  {
                    "comment": "",
                    "name": "lettersalutation",
                    "parameters": {},
                    "type": "string"
                  }
                ],
                "compressed": false,
                "input_format": "org.apache.hadoop.mapred.TextInputFormat",
                "location": "s3://stg-dlk-sbx-ds-11-raw/events_feed/events_jsonl_gzip/",
                "number_of_buckets": 0,
                "output_format": "org.apache.hadoop.hive.ql.io.IgnoreKeyTextOutputFormat",
                "parameters": {},
                "schema_reference": [],
                "ser_de_info": [
                  {
                    "name": "json_serde",
                    "parameters": {
                      "paths": "cdpid,firstname,lastname,profession,lettersalutation"
                    },
                    "serialization_library": "org.openx.data.jsonserde.JsonSerDe"
                  }
                ],
                "skewed_info": [],
                "sort_columns": [],
                "stored_as_sub_directories": false
              }
            ],
            "table_type": "EXTERNAL_TABLE",
            "target_table": [],
            "view_expanded_text": "",
            "view_original_text": ""
          },
          "sensitive_attributes": [],
          "private": "bnVsbA==",
          "dependencies": [
            "aws_glue_catalog_database.glue_database"
          ]
        }
      ]
    },
    {
      "mode": "managed",
      "type": "aws_glue_job",
      "name": "glue_job",
      "provider": "provider[\"registry.terraform.io/hashicorp/aws\"]",
      "instances": [
        {
          "schema_version": 0,
          "attributes": {
            "arn": "arn:aws:glue:eu-west-1:816247855850:job/stg-dlk-sbx-ds11-job-source-to-raw",
            "command": [
              {
                "name": "pythonshell",
                "python_version": "3.9",
                "runtime": "",
                "script_location": "s3://stg-dlk-sbx-code-artifacts/artifacts/glue_job_ds11/code/stg-dlk-sbx-ds11-job-source-to-raw.py"
              }
            ],
            "connections": [],
            "default_arguments": {
              "--TempDir": "s3://stg-dlk-sbx-glue-job-temporary-files/temporary/",
              "--additional-python-modules": "paramiko,jq,tabulate",
              "--enable-glue-datacatalog": "true",
              "--environment": "sbx",
              "--extra-files": "s3://stg-dlk-sbx-code-artifacts/artifacts/glue_job_ds11/code/config.py,s3://stg-dlk-sbx-code-artifacts/artifacts/glue_job_ds11/code/common_functions.py,s3://stg-dlk-sbx-code-artifacts/artifacts/glue_job_ds11/code/gzip_s3_and_json_py3.py",
              "--job-bookmark-option": "job-bookmark-disable",
              "--job-language": "python",
              "library-set": "analytics"
            },
            "description": "Part 1 of SAP CDP. Strips the outer array from the JSON and uploads it to the stg-dlk-sbx-ds-11-raw bucket.",
            "execution_class": "",
            "execution_property": [
              {
                "max_concurrent_runs": 1
              }
            ],
            "glue_version": "",
            "id": "stg-dlk-sbx-ds11-job-source-to-raw",
            "max_capacity": 0.0625,
            "max_retries": 0,
            "name": "stg-dlk-sbx-ds11-job-source-to-raw",
            "non_overridable_arguments": {},
            "notification_property": [],
            "number_of_workers": 0,
            "role_arn": "arn:aws:iam::816247855850:role/stg-dlk-sbx-ds11-source-to-raw-glue-job-role",
            "security_configuration": "dlk-glue-sec-config",
            "tags": {
              "Author": "davide.moraschi@toptal.com",
              "Project": "stg-dlk"
            },
            "tags_all": {
              "Author": "davide.moraschi@toptal.com",
              "Project": "stg-dlk"
            },
            "timeout": 15,
            "worker_type": ""
          },
          "sensitive_attributes": [],
          "private": "bnVsbA==",
          "dependencies": [
            "aws_iam_role.role"
          ]
        }
      ]
    },
    {
      "mode": "managed",
      "type": "aws_iam_policy",
      "name": "role_policy",
      "provider": "provider[\"registry.terraform.io/hashicorp/aws\"]",
      "instances": [
        {
          "schema_version": 0,
          "attributes": {
            "arn": "arn:aws:iam::816247855850:policy/stg-dlk-sbx-ds11-source-to-raw-glue-job-role_policy",
            "description": "",
            "id": "arn:aws:iam::816247855850:policy/stg-dlk-sbx-ds11-source-to-raw-glue-job-role_policy",
            "name": "stg-dlk-sbx-ds11-source-to-raw-glue-job-role_policy",
            "name_prefix": "",
            "path": "/",
            "policy": "{\"Statement\":[{\"Action\":[\"logs:CreateLogGroup\",\"logs:CreateLogStream\",\"logs:PutLogEvents\",\"logs:AssociateKmsKey\"],\"Effect\":\"Allow\",\"Resource\":\"arn:aws:logs:eu-west-1:816247855850:log-group:/aws-glue/*\"},{\"Action\":[\"glue:GetDatabase\",\"glue:GetTable\"],\"Effect\":\"Allow\",\"Resource\":[\"arn:aws:glue:eu-west-1:816247855850:catalog\",\"arn:aws:glue:eu-west-1:816247855850:database/stg-dlk-sbx-ds11-raw-db\",\"arn:aws:glue:eu-west-1:816247855850:table/stg-dlk-sbx-ds11-raw-db/*\"]},{\"Action\":[\"athena:StartQueryExecution\",\"athena:GetQueryExecution\",\"athena:GetQueryResults\"],\"Effect\":\"Allow\",\"Resource\":\"arn:aws:athena:eu-west-1:816247855850:workgroup/primary\"},{\"Action\":[\"s3:GetBucketLocation\",\"s3:ListBucket\",\"s3:ListAllMyBuckets\",\"s3:GetBucketAcl\",\"s3:GetObject\",\"s3:PutObject\",\"s3:DeleteObject\"],\"Effect\":\"Allow\",\"Resource\":[\"arn:aws:s3:::stg-dlk-sbx-ds-11-raw\",\"arn:aws:s3:::stg-dlk-sbx-ds-11-raw/*\",\"arn:aws:s3:::stg-dlk-sbx-ds-11-ext\",\"arn:aws:s3:::stg-dlk-sbx-ds-11-ext/*\",\"arn:aws:s3:::stg-dlk-sbx-code-artifacts\",\"arn:aws:s3:::stg-dlk-sbx-code-artifacts/*\",\"arn:aws:s3:::stg-dlk-*-athena-query-results\",\"arn:aws:s3:::stg-dlk-*-athena-query-results/*\"]},{\"Action\":[\"kms:Decrypt\",\"kms:GenerateDataKey\"],\"Effect\":\"Allow\",\"Resource\":\"arn:aws:kms:eu-west-1:816247855850:key/396cd8ff-4b3d-4b17-9df4-9449185fdd2e\"}],\"Version\":\"2012-10-17\"}",
            "policy_id": "ANPA34DBJ3LVHMHWJA5BX",
            "tags": {},
            "tags_all": {}
          },
          "sensitive_attributes": [],
          "private": "bnVsbA==",
          "dependencies": [
            "aws_s3_bucket.bucket",
            "data.aws_caller_identity.current",
            "data.aws_region.current"
          ]
        }
      ]
    },
    {
      "mode": "managed",
      "type": "aws_iam_role",
      "name": "role",
      "provider": "provider[\"registry.terraform.io/hashicorp/aws\"]",
      "instances": [
        {
          "schema_version": 0,
          "attributes": {
            "arn": "arn:aws:iam::816247855850:role/stg-dlk-sbx-ds11-source-to-raw-glue-job-role",
            "assume_role_policy": "{\"Statement\":[{\"Action\":\"sts:AssumeRole\",\"Effect\":\"Allow\",\"Principal\":{\"Service\":\"glue.amazonaws.com\"}}],\"Version\":\"2012-10-17\"}",
            "create_date": "2024-02-23T11:11:49Z",
            "description": "",
            "force_detach_policies": false,
            "id": "stg-dlk-sbx-ds11-source-to-raw-glue-job-role",
            "inline_policy": [],
            "managed_policy_arns": [
              "arn:aws:iam::816247855850:policy/stg-dlk-sbx-ds11-source-to-raw-glue-job-role_policy"
            ],
            "max_session_duration": 3600,
            "name": "stg-dlk-sbx-ds11-source-to-raw-glue-job-role",
            "name_prefix": "",
            "path": "/",
            "permissions_boundary": "",
            "tags": {},
            "tags_all": {},
            "unique_id": "AROA34DBJ3LVKFTHZFRHC"
          },
          "sensitive_attributes": [],
          "private": "bnVsbA=="
        }
      ]
    },
    {
      "mode": "managed",
      "type": "aws_iam_role_policy_attachment",
      "name": "role_policy_attachment",
      "provider": "provider[\"registry.terraform.io/hashicorp/aws\"]",
      "instances": [
        {
          "schema_version": 0,
          "attributes": {
            "id": "stg-dlk-sbx-ds11-source-to-raw-glue-job-role-20240223111151013100000001",
            "policy_arn": "arn:aws:iam::816247855850:policy/stg-dlk-sbx-ds11-source-to-raw-glue-job-role_policy",
            "role": "stg-dlk-sbx-ds11-source-to-raw-glue-job-role"
          },
          "sensitive_attributes": [],
          "private": "bnVsbA==",
          "dependencies": [
            "aws_iam_policy.role_policy",
            "aws_iam_role.role",
            "aws_s3_bucket.bucket",
            "data.aws_caller_identity.current",
            "data.aws_region.current"
          ]
        }
      ]
    },
    {
      "mode": "managed",
      "type": "aws_lakeformation_permissions",
      "name": "database_permissions",
      "provider": "provider[\"registry.terraform.io/hashicorp/aws\"]",
      "instances": [
        {
          "schema_version": 0,
          "attributes": {
            "catalog_id": null,
            "catalog_resource": false,
            "data_location": [],
            "database": [
              {
                "catalog_id": "816247855850",
                "name": "stg-dlk-sbx-ds11-raw-db"
              }
            ],
            "id": "1173417029",
            "lf_tag": [],
            "lf_tag_policy": [],
            "permissions": [
              "CREATE_TABLE",
              "DESCRIBE"
            ],
            "permissions_with_grant_option": [],
            "principal": "arn:aws:iam::816247855850:role/stg-dlk-sbx-ds11-source-to-raw-glue-job-role",
            "table": [],
            "table_with_columns": []
          },
          "sensitive_attributes": [],
          "private": "bnVsbA==",
          "dependencies": [
            "aws_glue_catalog_database.glue_database",
            "aws_iam_role.role"
          ]
        }
      ]
    },
    {
      "mode": "managed",
      "type": "aws_lakeformation_permissions",
      "name": "tables_permissions",
      "provider": "provider[\"registry.terraform.io/hashicorp/aws\"]",
      "instances": [
        {
          "schema_version": 0,
          "attributes": {
            "catalog_id": null,
            "catalog_resource": false,
            "data_location": [],
            "database": [],
            "id": "1468918708",
            "lf_tag": [],
            "lf_tag_policy": [],
            "permissions": [
              "ALL"
            ],
            "permissions_with_grant_option": [],
            "principal": "arn:aws:iam::816247855850:role/stg-dlk-sbx-ds11-source-to-raw-glue-job-role",
            "table": [
              {
                "catalog_id": "816247855850",
                "database_name": "stg-dlk-sbx-ds11-raw-db",
                "name": "",
                "wildcard": true
              }
            ],
            "table_with_columns": []
          },
          "sensitive_attributes": [],
          "private": "bnVsbA==",
          "dependencies": [
            "aws_glue_catalog_database.glue_database",
            "aws_iam_role.role"
          ]
        }
      ]
    },
    {
      "mode": "managed",
      "type": "aws_lakeformation_resource",
      "name": "data_location",
      "provider": "provider[\"registry.terraform.io/hashicorp/aws\"]",
      "instances": [
        {
          "schema_version": 0,
          "attributes": {
            "arn": "arn:aws:s3:::stg-dlk-sbx-ds-11-raw",
            "hybrid_access_enabled": false,
            "id": "arn:aws:s3:::stg-dlk-sbx-ds-11-raw",
            "last_modified": null,
            "role_arn": "arn:aws:iam::816247855850:role/stg-dlk-sbx-ds11-source-to-raw-glue-job-role",
            "use_service_linked_role": null,
            "with_federation": false
          },
          "sensitive_attributes": [],
          "private": "bnVsbA==",
          "dependencies": [
            "aws_iam_role.role",
            "aws_s3_bucket.bucket"
          ]
        }
      ]
    },
    {
      "mode": "managed",
      "type": "aws_s3_bucket",
      "name": "bucket",
      "provider": "provider[\"registry.terraform.io/hashicorp/aws\"]",
      "instances": [
        {
          "schema_version": 0,
          "attributes": {
            "acceleration_status": "",
            "acl": null,
            "arn": "arn:aws:s3:::stg-dlk-sbx-ds-11-raw",
            "bucket": "stg-dlk-sbx-ds-11-raw",
            "bucket_domain_name": "stg-dlk-sbx-ds-11-raw.s3.amazonaws.com",
            "bucket_prefix": "",
            "bucket_regional_domain_name": "stg-dlk-sbx-ds-11-raw.s3.eu-west-1.amazonaws.com",
            "cors_rule": [],
            "force_destroy": true,
            "grant": [
              {
                "id": "b628237f580c6c0e0a63c7934fe514e191c19c20c6657375a5664b290d6673ad",
                "permissions": [
                  "FULL_CONTROL"
                ],
                "type": "CanonicalUser",
                "uri": ""
              }
            ],
            "hosted_zone_id": "Z1BKCTXD74EZPE",
            "id": "stg-dlk-sbx-ds-11-raw",
            "lifecycle_rule": [
              {
                "abort_incomplete_multipart_upload_days": 0,
                "enabled": true,
                "expiration": [],
                "id": "DeleteNonCurrentObjectVersions",
                "noncurrent_version_expiration": [
                  {
                    "days": 35
                  }
                ],
                "noncurrent_version_transition": [],
                "prefix": "",
                "tags": {},
                "transition": []
              }
            ],
            "logging": [
              {
                "target_bucket": "stg-dlk-sbx-lf-access-logs",
                "target_prefix": "logs/stg-dlk-sbx-ds-11-raw"
              }
            ],
            "object_lock_configuration": [],
            "object_lock_enabled": false,
            "policy": "{\"Statement\":[{\"Action\":\"s3:PutBucketWebsite\",\"Effect\":\"Deny\",\"Principal\":\"*\",\"Resource\":\"arn:aws:s3:::stg-dlk-sbx-ds-11-raw\"},{\"Action\":\"s3:*\",\"Condition\":{\"Bool\":{\"aws:SecureTransport\":\"false\"}},\"Effect\":\"Deny\",\"Principal\":\"*\",\"Resource\":\"arn:aws:s3:::stg-dlk-sbx-ds-11-raw/*\"}],\"Version\":\"2012-10-17\"}",
            "region": "eu-west-1",
            "replication_configuration": [],
            "request_payer": "BucketOwner",
            "server_side_encryption_configuration": [
              {
                "rule": [
                  {
                    "apply_server_side_encryption_by_default": [
                      {
                        "kms_master_key_id": "arn:aws:kms:eu-west-1:816247855850:key/396cd8ff-4b3d-4b17-9df4-9449185fdd2e",
                        "sse_algorithm": "aws:kms"
                      }
                    ],
                    "bucket_key_enabled": true
                  }
                ]
              }
            ],
            "tags": {},
            "tags_all": {},
            "timeouts": null,
            "versioning": [
              {
                "enabled": true,
                "mfa_delete": false
              }
            ],
            "website": [],
            "website_domain": null,
            "website_endpoint": null
          },
          "sensitive_attributes": [],
          "private": "eyJlMmJmYjczMC1lY2FhLTExZTYtOGY4OC0zNDM2M2JjN2M0YzAiOnsiY3JlYXRlIjoxMjAwMDAwMDAwMDAwLCJkZWxldGUiOjM2MDAwMDAwMDAwMDAsInJlYWQiOjEyMDAwMDAwMDAwMDAsInVwZGF0ZSI6MTIwMDAwMDAwMDAwMH19"
        }
      ]
    },
    {
      "mode": "managed",
      "type": "aws_s3_bucket_public_access_block",
      "name": "bucket_access_block",
      "provider": "provider[\"registry.terraform.io/hashicorp/aws\"]",
      "instances": [
        {
          "schema_version": 0,
          "attributes": {
            "block_public_acls": true,
            "block_public_policy": true,
            "bucket": "stg-dlk-sbx-ds-11-raw",
            "id": "stg-dlk-sbx-ds-11-raw",
            "ignore_public_acls": true,
            "restrict_public_buckets": true
          },
          "sensitive_attributes": [],
          "private": "bnVsbA==",
          "dependencies": [
            "aws_s3_bucket.bucket"
          ]
        }
      ]
    },
    {
      "mode": "managed",
      "type": "aws_s3_object",
      "name": "glue_job_common_functions",
      "provider": "provider[\"registry.terraform.io/hashicorp/aws\"]",
      "instances": [
        {
          "schema_version": 0,
          "attributes": {
            "acl": null,
            "bucket": "stg-dlk-sbx-code-artifacts",
            "bucket_key_enabled": true,
            "cache_control": "",
            "checksum_algorithm": null,
            "checksum_crc32": "",
            "checksum_crc32c": "",
            "checksum_sha1": "",
            "checksum_sha256": "",
            "content": null,
            "content_base64": null,
            "content_disposition": "",
            "content_encoding": "",
            "content_language": "",
            "content_type": "application/octet-stream",
            "etag": "cf6e03a3c537bd8514f1e3af13cac0aa",
            "force_destroy": false,
            "id": "artifacts/glue_job_ds11/code/common_functions.py",
            "key": "artifacts/glue_job_ds11/code/common_functions.py",
            "kms_key_id": "arn:aws:kms:eu-west-1:816247855850:key/396cd8ff-4b3d-4b17-9df4-9449185fdd2e",
            "metadata": {},
            "object_lock_legal_hold_status": "",
            "object_lock_mode": "",
            "object_lock_retain_until_date": "",
            "override_provider": [],
            "server_side_encryption": "aws:kms",
            "source": "./artifacts/ds11/glue/code/common_functions.py",
            "source_hash": "6e5320577df899b98daa6263a00a4058",
            "storage_class": "STANDARD",
            "tags": {},
            "tags_all": {},
            "version_id": "EnHIbDZxg_Xb8fISAQg0uDZUQ.sUTqsU",
            "website_redirect": ""
          },
          "sensitive_attributes": [],
          "private": "bnVsbA=="
        }
      ]
    },
    {
      "mode": "managed",
      "type": "aws_s3_object",
      "name": "glue_job_config",
      "provider": "provider[\"registry.terraform.io/hashicorp/aws\"]",
      "instances": [
        {
          "schema_version": 0,
          "attributes": {
            "acl": null,
            "bucket": "stg-dlk-sbx-code-artifacts",
            "bucket_key_enabled": true,
            "cache_control": "",
            "checksum_algorithm": null,
            "checksum_crc32": "",
            "checksum_crc32c": "",
            "checksum_sha1": "",
            "checksum_sha256": "",
            "content": null,
            "content_base64": null,
            "content_disposition": "",
            "content_encoding": "",
            "content_language": "",
            "content_type": "application/octet-stream",
            "etag": "490cff958e29989c85f32ba804b7e45e",
            "force_destroy": false,
            "id": "artifacts/glue_job_ds11/code/config.py",
            "key": "artifacts/glue_job_ds11/code/config.py",
            "kms_key_id": "arn:aws:kms:eu-west-1:816247855850:key/396cd8ff-4b3d-4b17-9df4-9449185fdd2e",
            "metadata": {},
            "object_lock_legal_hold_status": "",
            "object_lock_mode": "",
            "object_lock_retain_until_date": "",
            "override_provider": [],
            "server_side_encryption": "aws:kms",
            "source": "./artifacts/ds11/glue/code/config.py",
            "source_hash": "cc3377e78c260906a047ff894cc4a0ae",
            "storage_class": "STANDARD",
            "tags": {},
            "tags_all": {},
            "version_id": "FaTkj3gEGOJhks0QXHS0jbxGYeoZJ7qa",
            "website_redirect": ""
          },
          "sensitive_attributes": [],
          "private": "bnVsbA=="
        }
      ]
    },
    {
      "mode": "managed",
      "type": "aws_s3_object",
      "name": "glue_job_gzip_s3_and_json",
      "provider": "provider[\"registry.terraform.io/hashicorp/aws\"]",
      "instances": [
        {
          "schema_version": 0,
          "attributes": {
            "acl": null,
            "bucket": "stg-dlk-sbx-code-artifacts",
            "bucket_key_enabled": true,
            "cache_control": "",
            "checksum_algorithm": null,
            "checksum_crc32": "",
            "checksum_crc32c": "",
            "checksum_sha1": "",
            "checksum_sha256": "",
            "content": null,
            "content_base64": null,
            "content_disposition": "",
            "content_encoding": "",
            "content_language": "",
            "content_type": "application/octet-stream",
            "etag": "e6838f2d6a708a6d4060872bac29d69d",
            "force_destroy": false,
            "id": "artifacts/glue_job_ds11/code/gzip_s3_and_json_py3.py",
            "key": "artifacts/glue_job_ds11/code/gzip_s3_and_json_py3.py",
            "kms_key_id": "arn:aws:kms:eu-west-1:816247855850:key/396cd8ff-4b3d-4b17-9df4-9449185fdd2e",
            "metadata": {},
            "object_lock_legal_hold_status": "",
            "object_lock_mode": "",
            "object_lock_retain_until_date": "",
            "override_provider": [],
            "server_side_encryption": "aws:kms",
            "source": "./artifacts/ds11/glue/code/gzip_s3_and_json_py3.py",
            "source_hash": "a88d3f3970acc97caab91ce413e16e31",
            "storage_class": "STANDARD",
            "tags": {},
            "tags_all": {},
            "version_id": "PjvJupn2fpONdmVhldmuG2FMXgHg9ART",
            "website_redirect": ""
          },
          "sensitive_attributes": [],
          "private": "bnVsbA=="
        }
      ]
    },
    {
      "mode": "managed",
      "type": "aws_s3_object",
      "name": "glue_job_script",
      "provider": "provider[\"registry.terraform.io/hashicorp/aws\"]",
      "instances": [
        {
          "schema_version": 0,
          "attributes": {
            "acl": null,
            "bucket": "stg-dlk-sbx-code-artifacts",
            "bucket_key_enabled": true,
            "cache_control": "",
            "checksum_algorithm": null,
            "checksum_crc32": "",
            "checksum_crc32c": "",
            "checksum_sha1": "",
            "checksum_sha256": "",
            "content": null,
            "content_base64": null,
            "content_disposition": "",
            "content_encoding": "",
            "content_language": "",
            "content_type": "application/octet-stream",
            "etag": "3f6de9720de5d694cdac259faaa426a2",
            "force_destroy": false,
            "id": "artifacts/glue_job_ds11/code/stg-dlk-sbx-ds11-job-source-to-raw.py",
            "key": "artifacts/glue_job_ds11/code/stg-dlk-sbx-ds11-job-source-to-raw.py",
            "kms_key_id": "arn:aws:kms:eu-west-1:816247855850:key/396cd8ff-4b3d-4b17-9df4-9449185fdd2e",
            "metadata": {},
            "object_lock_legal_hold_status": "",
            "object_lock_mode": "",
            "object_lock_retain_until_date": "",
            "override_provider": [],
            "server_side_encryption": "aws:kms",
            "source": "./artifacts/ds11/glue/code/stg-dlk-sbx-ds11-job-source-to-raw.py",
            "source_hash": "364285a297a7222bdde90aa83cce2875",
            "storage_class": "STANDARD",
            "tags": {},
            "tags_all": {},
            "version_id": "8EL0YLQvlNehh2_0zdWUuAN36caCR3lB",
            "website_redirect": ""
          },
          "sensitive_attributes": [],
          "private": "bnVsbA=="
        }
      ]
    },
    {
      "mode": "managed",
      "type": "aws_sns_topic",
      "name": "failure_topic",
      "provider": "provider[\"registry.terraform.io/hashicorp/aws\"]",
      "instances": [
        {
          "schema_version": 0,
          "attributes": {
            "application_failure_feedback_role_arn": "",
            "application_success_feedback_role_arn": "",
            "application_success_feedback_sample_rate": 0,
            "archive_policy": "",
            "arn": "arn:aws:sns:eu-west-1:816247855850:ds11-failure-topic",
            "beginning_archive_time": "",
            "content_based_deduplication": false,
            "delivery_policy": "",
            "display_name": "",
            "fifo_topic": false,
            "firehose_failure_feedback_role_arn": "",
            "firehose_success_feedback_role_arn": "",
            "firehose_success_feedback_sample_rate": 0,
            "http_failure_feedback_role_arn": "",
            "http_success_feedback_role_arn": "",
            "http_success_feedback_sample_rate": 0,
            "id": "arn:aws:sns:eu-west-1:816247855850:ds11-failure-topic",
            "kms_master_key_id": "",
            "lambda_failure_feedback_role_arn": "",
            "lambda_success_feedback_role_arn": "",
            "lambda_success_feedback_sample_rate": 0,
            "name": "ds11-failure-topic",
            "name_prefix": "",
            "owner": "816247855850",
            "policy": "{\"Id\":\"__default_policy_ID\",\"Statement\":[{\"Action\":[\"SNS:GetTopicAttributes\",\"SNS:SetTopicAttributes\",\"SNS:AddPermission\",\"SNS:RemovePermission\",\"SNS:DeleteTopic\",\"SNS:Subscribe\",\"SNS:ListSubscriptionsByTopic\",\"SNS:Publish\"],\"Condition\":{\"StringEquals\":{\"AWS:SourceOwner\":\"816247855850\"}},\"Effect\":\"Allow\",\"Principal\":{\"AWS\":\"*\"},\"Resource\":\"arn:aws:sns:eu-west-1:816247855850:ds11-failure-topic\",\"Sid\":\"__default_statement_ID\"}],\"Version\":\"2008-10-17\"}",
            "signature_version": 0,
            "sqs_failure_feedback_role_arn": "",
            "sqs_success_feedback_role_arn": "",
            "sqs_success_feedback_sample_rate": 0,
            "tags": {},
            "tags_all": {},
            "tracing_config": ""
          },
          "sensitive_attributes": [],
          "private": "bnVsbA=="
        }
      ]
    },
    {
      "mode": "managed",
      "type": "aws_sns_topic_subscription",
      "name": "failure_email",
      "provider": "provider[\"registry.terraform.io/hashicorp/aws\"]",
      "instances": [
        {
          "schema_version": 0,
          "attributes": {
            "arn": "arn:aws:sns:eu-west-1:816247855850:ds11-failure-topic:a9cbca2b-b6ed-474b-8df6-c5bebaafdaeb",
            "confirmation_timeout_in_minutes": 1,
            "confirmation_was_authenticated": false,
            "delivery_policy": "",
            "endpoint": "davide.moraschi@straumann.com",
            "endpoint_auto_confirms": false,
            "filter_policy": "",
            "filter_policy_scope": "",
            "id": "arn:aws:sns:eu-west-1:816247855850:ds11-failure-topic:a9cbca2b-b6ed-474b-8df6-c5bebaafdaeb",
            "owner_id": "816247855850",
            "pending_confirmation": true,
            "protocol": "email",
            "raw_message_delivery": false,
            "redrive_policy": "",
            "replay_policy": "",
            "subscription_role_arn": "",
            "topic_arn": "arn:aws:sns:eu-west-1:816247855850:ds11-failure-topic"
          },
          "sensitive_attributes": [],
          "private": "bnVsbA==",
          "dependencies": [
            "aws_sns_topic.failure_topic"
          ]
        }
      ]
    }
  ],
  "check_results": null
}
